{
  "version": 4,
  "terraform_version": "1.8.5",
  "serial": 128,
  "lineage": "8db1c0b9-f5d4-aff6-9353-2b45c5df9acc",
  "outputs": {
    "backend_attachment_info": {
      "value": {
        "arn": "arn:aws:elasticloadbalancing:us-east-1:894361994133:targetgroup/backend-tg/ef41fa8a754f40b8-20240608181845322300000008",
        "instance_id": "i-098fc4888dfab8e5d"
      },
      "type": [
        "object",
        {
          "arn": "string",
          "instance_id": "string"
        }
      ]
    },
    "ec2_instances_with_private_ips": {
      "value": {
        "backend": "10.0.5.124",
        "frontend": "10.0.4.83",
        "metabase": "10.0.6.190"
      },
      "type": [
        "object",
        {
          "backend": "string",
          "frontend": "string",
          "metabase": "string"
        }
      ]
    },
    "frontend_attachment_info": {
      "value": {
        "arn": "arn:aws:elasticloadbalancing:us-east-1:894361994133:targetgroup/frontend-tg/3666f27eb58da078-20240608181845662200000009",
        "instance_id": "i-0cb37add0acb89689"
      },
      "type": [
        "object",
        {
          "arn": "string",
          "instance_id": "string"
        }
      ]
    },
    "internet_gateway_id": {
      "value": "igw-0529438e281c747bd",
      "type": "string"
    },
    "load_balancer_dns": {
      "value": "app-lb-1182741601.us-east-1.elb.amazonaws.com",
      "type": "string"
    },
    "my_bastion_public_ip": {
      "value": "3.239.192.85",
      "type": "string"
    },
    "mysql_db_endpoint": {
      "value": "mysql-instance.ct4ook24yzdz.us-east-1.rds.amazonaws.com:3306",
      "type": "string"
    },
    "nat_gateway_eip": {
      "value": "eipalloc-0d9702d44a43df149",
      "type": "string"
    },
    "nat_gateway_id": {
      "value": "nat-0eebd0929cb87577a",
      "type": "string"
    },
    "private_route_table_id": {
      "value": "rtb-0f103df4b478c5dbb",
      "type": "string"
    },
    "private_subnet_ids": {
      "value": [
        "subnet-029b2c7b0429c649f",
        "subnet-0de311b2c771796c8",
        "subnet-058ebf090376e15cb"
      ],
      "type": [
        "tuple",
        [
          "string",
          "string",
          "string"
        ]
      ]
    },
    "public_route_table_id": {
      "value": "rtb-028858d256a1d5c0e",
      "type": "string"
    },
    "public_subnet_ids": {
      "value": [
        "subnet-0da8562923a0cb91e",
        "subnet-088f2ec3d7ef444e9",
        "subnet-06dbff427caf980b4"
      ],
      "type": [
        "tuple",
        [
          "string",
          "string",
          "string"
        ]
      ]
    },
    "vpc_id": {
      "value": "vpc-02ef6a8d61df65d34",
      "type": "string"
    }
  },
  "resources": [
    {
      "mode": "data",
      "type": "aws_availability_zones",
      "name": "available",
      "provider": "provider[\"registry.terraform.io/hashicorp/aws\"]",
      "instances": [
        {
          "schema_version": 0,
          "attributes": {
            "all_availability_zones": null,
            "exclude_names": null,
            "exclude_zone_ids": null,
            "filter": null,
            "group_names": [
              "us-east-1"
            ],
            "id": "us-east-1",
            "names": [
              "us-east-1a",
              "us-east-1b",
              "us-east-1c",
              "us-east-1d",
              "us-east-1e",
              "us-east-1f"
            ],
            "state": "available",
            "timeouts": null,
            "zone_ids": [
              "use1-az1",
              "use1-az2",
              "use1-az4",
              "use1-az6",
              "use1-az3",
              "use1-az5"
            ]
          },
          "sensitive_attributes": []
        }
      ]
    },
    {
      "mode": "data",
      "type": "aws_instances",
      "name": "backend_instances",
      "provider": "provider[\"registry.terraform.io/hashicorp/aws\"]",
      "instances": [
        {
          "schema_version": 0,
          "attributes": {
            "filter": [
              {
                "name": "instance-state-name",
                "values": [
                  "running"
                ]
              },
              {
                "name": "tag:Name",
                "values": [
                  "backend"
                ]
              }
            ],
            "id": "us-east-1",
            "ids": [
              "i-098fc4888dfab8e5d"
            ],
            "instance_state_names": null,
            "instance_tags": null,
            "ipv6_addresses": [],
            "private_ips": [
              "10.0.5.124"
            ],
            "public_ips": [],
            "timeouts": null
          },
          "sensitive_attributes": []
        }
      ]
    },
    {
      "mode": "data",
      "type": "aws_instances",
      "name": "frontend_instances",
      "provider": "provider[\"registry.terraform.io/hashicorp/aws\"]",
      "instances": [
        {
          "schema_version": 0,
          "attributes": {
            "filter": [
              {
                "name": "instance-state-name",
                "values": [
                  "running"
                ]
              },
              {
                "name": "tag:Name",
                "values": [
                  "frontend"
                ]
              }
            ],
            "id": "us-east-1",
            "ids": [
              "i-0cb37add0acb89689"
            ],
            "instance_state_names": null,
            "instance_tags": null,
            "ipv6_addresses": [],
            "private_ips": [
              "10.0.4.83"
            ],
            "public_ips": [],
            "timeouts": null
          },
          "sensitive_attributes": []
        }
      ]
    },
    {
      "mode": "data",
      "type": "aws_route53_zone",
      "name": "domain",
      "provider": "provider[\"registry.terraform.io/hashicorp/aws\"]",
      "instances": [
        {
          "schema_version": 0,
          "attributes": {
            "arn": "arn:aws:route53:::hostedzone/Z00009903HKIIULYTG1M3",
            "caller_reference": "7118f484-a1e1-4a5b-91e1-f9491c1592cb",
            "comment": "",
            "id": "Z00009903HKIIULYTG1M3",
            "linked_service_description": null,
            "linked_service_principal": null,
            "name": "bilalnaseem.xyz",
            "name_servers": [
              "ns-1463.awsdns-54.org",
              "ns-103.awsdns-12.com",
              "ns-603.awsdns-11.net",
              "ns-1614.awsdns-09.co.uk"
            ],
            "primary_name_server": "ns-1463.awsdns-54.org",
            "private_zone": false,
            "resource_record_set_count": 2,
            "tags": {},
            "vpc_id": null,
            "zone_id": "Z00009903HKIIULYTG1M3"
          },
          "sensitive_attributes": []
        }
      ]
    },
    {
      "mode": "managed",
      "type": "aws_db_instance",
      "name": "mysql_db",
      "provider": "provider[\"registry.terraform.io/hashicorp/aws\"]",
      "instances": [
        {
          "schema_version": 2,
          "attributes": {
            "address": "mysql-instance.ct4ook24yzdz.us-east-1.rds.amazonaws.com",
            "allocated_storage": 20,
            "allow_major_version_upgrade": null,
            "apply_immediately": false,
            "arn": "arn:aws:rds:us-east-1:894361994133:db:mysql-instance",
            "auto_minor_version_upgrade": true,
            "availability_zone": "us-east-1b",
            "backup_retention_period": 0,
            "backup_target": "region",
            "backup_window": "05:31-06:01",
            "blue_green_update": [],
            "ca_cert_identifier": "rds-ca-rsa2048-g1",
            "character_set_name": "",
            "copy_tags_to_snapshot": false,
            "custom_iam_instance_profile": "",
            "customer_owned_ip_enabled": false,
            "db_name": "db_mysql",
            "db_subnet_group_name": "my-db-subnet-group",
            "dedicated_log_volume": false,
            "delete_automated_backups": true,
            "deletion_protection": false,
            "domain": "",
            "domain_auth_secret_arn": "",
            "domain_dns_ips": null,
            "domain_fqdn": "",
            "domain_iam_role_name": "",
            "domain_ou": "",
            "enabled_cloudwatch_logs_exports": null,
            "endpoint": "mysql-instance.ct4ook24yzdz.us-east-1.rds.amazonaws.com:3306",
            "engine": "mysql",
            "engine_version": "8.0.36",
            "engine_version_actual": "8.0.36",
            "final_snapshot_identifier": null,
            "hosted_zone_id": "Z2R2ITUGPM61AM",
            "iam_database_authentication_enabled": false,
            "id": "db-IGMA7PYI2UGD7M6USO45X5BBVY",
            "identifier": "mysql-instance",
            "identifier_prefix": "",
            "instance_class": "db.t3.micro",
            "iops": 0,
            "kms_key_id": "",
            "latest_restorable_time": "",
            "license_model": "general-public-license",
            "listener_endpoint": [],
            "maintenance_window": "thu:10:16-thu:10:46",
            "manage_master_user_password": null,
            "master_user_secret": [],
            "master_user_secret_kms_key_id": null,
            "max_allocated_storage": 0,
            "monitoring_interval": 0,
            "monitoring_role_arn": "",
            "multi_az": false,
            "nchar_character_set_name": "",
            "network_type": "IPV4",
            "option_group_name": "default:mysql-8-0",
            "parameter_group_name": "default.mysql8.0",
            "password": "password",
            "performance_insights_enabled": false,
            "performance_insights_kms_key_id": "",
            "performance_insights_retention_period": 0,
            "port": 3306,
            "publicly_accessible": false,
            "replica_mode": "",
            "replicas": [],
            "replicate_source_db": "",
            "resource_id": "db-IGMA7PYI2UGD7M6USO45X5BBVY",
            "restore_to_point_in_time": [],
            "s3_import": [],
            "skip_final_snapshot": true,
            "snapshot_identifier": null,
            "status": "available",
            "storage_encrypted": false,
            "storage_throughput": 0,
            "storage_type": "gp2",
            "tags": null,
            "tags_all": {},
            "timeouts": null,
            "timezone": "",
            "username": "admin",
            "vpc_security_group_ids": [
              "sg-03eb7140b5d405297"
            ]
          },
          "sensitive_attributes": [
            [
              {
                "type": "get_attr",
                "value": "password"
              }
            ]
          ],
          "private": "eyJlMmJmYjczMC1lY2FhLTExZTYtOGY4OC0zNDM2M2JjN2M0YzAiOnsiY3JlYXRlIjoyNDAwMDAwMDAwMDAwLCJkZWxldGUiOjM2MDAwMDAwMDAwMDAsInVwZGF0ZSI6NDgwMDAwMDAwMDAwMH0sInNjaGVtYV92ZXJzaW9uIjoiMiJ9",
          "dependencies": [
            "aws_db_subnet_group.db_subnet_group",
            "aws_security_group.rds_sg",
            "aws_subnet.private_subnet",
            "aws_vpc.main",
            "data.aws_availability_zones.available"
          ]
        }
      ]
    },
    {
      "mode": "managed",
      "type": "aws_db_subnet_group",
      "name": "db_subnet_group",
      "provider": "provider[\"registry.terraform.io/hashicorp/aws\"]",
      "instances": [
        {
          "schema_version": 0,
          "attributes": {
            "arn": "arn:aws:rds:us-east-1:894361994133:subgrp:my-db-subnet-group",
            "description": "Managed by Terraform",
            "id": "my-db-subnet-group",
            "name": "my-db-subnet-group",
            "name_prefix": "",
            "subnet_ids": [
              "subnet-029b2c7b0429c649f",
              "subnet-058ebf090376e15cb",
              "subnet-0de311b2c771796c8"
            ],
            "supported_network_types": [
              "IPV4"
            ],
            "tags": {
              "Name": "Main DB Subnet Group"
            },
            "tags_all": {
              "Name": "Main DB Subnet Group"
            },
            "vpc_id": "vpc-02ef6a8d61df65d34"
          },
          "sensitive_attributes": [],
          "private": "bnVsbA==",
          "dependencies": [
            "aws_subnet.private_subnet",
            "aws_vpc.main",
            "data.aws_availability_zones.available"
          ]
        }
      ]
    },
    {
      "mode": "managed",
      "type": "aws_eip",
      "name": "nat",
      "provider": "provider[\"registry.terraform.io/hashicorp/aws\"]",
      "instances": [
        {
          "schema_version": 0,
          "attributes": {
            "address": null,
            "allocation_id": "eipalloc-0d9702d44a43df149",
            "arn": "arn:aws:ec2:us-east-1:894361994133:elastic-ip/eipalloc-0d9702d44a43df149",
            "associate_with_private_ip": null,
            "association_id": "",
            "carrier_ip": "",
            "customer_owned_ip": "",
            "customer_owned_ipv4_pool": "",
            "domain": "vpc",
            "id": "eipalloc-0d9702d44a43df149",
            "instance": "",
            "network_border_group": "us-east-1",
            "network_interface": "",
            "private_dns": null,
            "private_ip": "",
            "ptr_record": "",
            "public_dns": "ec2-3-230-134-246.compute-1.amazonaws.com",
            "public_ip": "3.230.134.246",
            "public_ipv4_pool": "amazon",
            "tags": null,
            "tags_all": {},
            "timeouts": null,
            "vpc": true
          },
          "sensitive_attributes": [],
          "private": "eyJlMmJmYjczMC1lY2FhLTExZTYtOGY4OC0zNDM2M2JjN2M0YzAiOnsiZGVsZXRlIjoxODAwMDAwMDAwMDAsInJlYWQiOjkwMDAwMDAwMDAwMCwidXBkYXRlIjozMDAwMDAwMDAwMDB9fQ=="
        }
      ]
    },
    {
      "mode": "managed",
      "type": "aws_instance",
      "name": "ec2_instance_private",
      "provider": "provider[\"registry.terraform.io/hashicorp/aws\"]",
      "instances": [
        {
          "index_key": 0,
          "schema_version": 1,
          "attributes": {
            "ami": "ami-04b70fa74e45c3917",
            "arn": "arn:aws:ec2:us-east-1:894361994133:instance/i-0cb37add0acb89689",
            "associate_public_ip_address": false,
            "availability_zone": "us-east-1a",
            "capacity_reservation_specification": [
              {
                "capacity_reservation_preference": "open",
                "capacity_reservation_target": []
              }
            ],
            "cpu_core_count": 1,
            "cpu_options": [
              {
                "amd_sev_snp": "",
                "core_count": 1,
                "threads_per_core": 1
              }
            ],
            "cpu_threads_per_core": 1,
            "credit_specification": [
              {
                "cpu_credits": "standard"
              }
            ],
            "disable_api_stop": false,
            "disable_api_termination": false,
            "ebs_block_device": [],
            "ebs_optimized": false,
            "enclave_options": [
              {
                "enabled": false
              }
            ],
            "ephemeral_block_device": [],
            "get_password_data": false,
            "hibernation": false,
            "host_id": "",
            "host_resource_group_arn": null,
            "iam_instance_profile": "",
            "id": "i-0cb37add0acb89689",
            "instance_initiated_shutdown_behavior": "stop",
            "instance_lifecycle": "",
            "instance_market_options": [],
            "instance_state": "running",
            "instance_type": "t2.micro",
            "ipv6_address_count": 0,
            "ipv6_addresses": [],
            "key_name": "ubuntu-key",
            "launch_template": [],
            "maintenance_options": [
              {
                "auto_recovery": "default"
              }
            ],
            "metadata_options": [
              {
                "http_endpoint": "enabled",
                "http_protocol_ipv6": "disabled",
                "http_put_response_hop_limit": 2,
                "http_tokens": "required",
                "instance_metadata_tags": "disabled"
              }
            ],
            "monitoring": false,
            "network_interface": [],
            "outpost_arn": "",
            "password_data": "",
            "placement_group": "",
            "placement_partition_number": 0,
            "primary_network_interface_id": "eni-03e02b196bfd44f41",
            "private_dns": "ip-10-0-4-83.ec2.internal",
            "private_dns_name_options": [
              {
                "enable_resource_name_dns_a_record": false,
                "enable_resource_name_dns_aaaa_record": false,
                "hostname_type": "ip-name"
              }
            ],
            "private_ip": "10.0.4.83",
            "public_dns": "",
            "public_ip": "",
            "root_block_device": [
              {
                "delete_on_termination": true,
                "device_name": "/dev/sda1",
                "encrypted": false,
                "iops": 3000,
                "kms_key_id": "",
                "tags": {},
                "tags_all": {},
                "throughput": 125,
                "volume_id": "vol-0b90e7435b552b30a",
                "volume_size": 8,
                "volume_type": "gp3"
              }
            ],
            "secondary_private_ips": [],
            "security_groups": [],
            "source_dest_check": true,
            "spot_instance_request_id": "",
            "subnet_id": "subnet-029b2c7b0429c649f",
            "tags": {
              "Name": "frontend"
            },
            "tags_all": {
              "Name": "frontend"
            },
            "tenancy": "default",
            "timeouts": null,
            "user_data": "f10d38a21d2192f1f9d68297a156bc321c2202f4",
            "user_data_base64": null,
            "user_data_replace_on_change": false,
            "volume_tags": null,
            "vpc_security_group_ids": [
              "sg-07e100dc2d30203e1"
            ]
          },
          "sensitive_attributes": [],
          "private": "eyJlMmJmYjczMC1lY2FhLTExZTYtOGY4OC0zNDM2M2JjN2M0YzAiOnsiY3JlYXRlIjo2MDAwMDAwMDAwMDAsImRlbGV0ZSI6MTIwMDAwMDAwMDAwMCwicmVhZCI6OTAwMDAwMDAwMDAwLCJ1cGRhdGUiOjYwMDAwMDAwMDAwMH0sInNjaGVtYV92ZXJzaW9uIjoiMSJ9",
          "dependencies": [
            "aws_eip.nat",
            "aws_key_pair.ubuntu_key_pair",
            "aws_nat_gateway.nat",
            "aws_route_table.private",
            "aws_route_table_association.private",
            "aws_security_group.private_sg",
            "aws_subnet.private_subnet",
            "aws_subnet.public_subnet",
            "aws_vpc.main",
            "data.aws_availability_zones.available",
            "tls_private_key.ssh_key"
          ]
        },
        {
          "index_key": 1,
          "schema_version": 1,
          "attributes": {
            "ami": "ami-04b70fa74e45c3917",
            "arn": "arn:aws:ec2:us-east-1:894361994133:instance/i-098fc4888dfab8e5d",
            "associate_public_ip_address": false,
            "availability_zone": "us-east-1b",
            "capacity_reservation_specification": [
              {
                "capacity_reservation_preference": "open",
                "capacity_reservation_target": []
              }
            ],
            "cpu_core_count": 1,
            "cpu_options": [
              {
                "amd_sev_snp": "",
                "core_count": 1,
                "threads_per_core": 1
              }
            ],
            "cpu_threads_per_core": 1,
            "credit_specification": [
              {
                "cpu_credits": "standard"
              }
            ],
            "disable_api_stop": false,
            "disable_api_termination": false,
            "ebs_block_device": [],
            "ebs_optimized": false,
            "enclave_options": [
              {
                "enabled": false
              }
            ],
            "ephemeral_block_device": [],
            "get_password_data": false,
            "hibernation": false,
            "host_id": "",
            "host_resource_group_arn": null,
            "iam_instance_profile": "",
            "id": "i-098fc4888dfab8e5d",
            "instance_initiated_shutdown_behavior": "stop",
            "instance_lifecycle": "",
            "instance_market_options": [],
            "instance_state": "running",
            "instance_type": "t2.micro",
            "ipv6_address_count": 0,
            "ipv6_addresses": [],
            "key_name": "ubuntu-key",
            "launch_template": [],
            "maintenance_options": [
              {
                "auto_recovery": "default"
              }
            ],
            "metadata_options": [
              {
                "http_endpoint": "enabled",
                "http_protocol_ipv6": "disabled",
                "http_put_response_hop_limit": 2,
                "http_tokens": "required",
                "instance_metadata_tags": "disabled"
              }
            ],
            "monitoring": false,
            "network_interface": [],
            "outpost_arn": "",
            "password_data": "",
            "placement_group": "",
            "placement_partition_number": 0,
            "primary_network_interface_id": "eni-0a6e51119cedb8db4",
            "private_dns": "ip-10-0-5-124.ec2.internal",
            "private_dns_name_options": [
              {
                "enable_resource_name_dns_a_record": false,
                "enable_resource_name_dns_aaaa_record": false,
                "hostname_type": "ip-name"
              }
            ],
            "private_ip": "10.0.5.124",
            "public_dns": "",
            "public_ip": "",
            "root_block_device": [
              {
                "delete_on_termination": true,
                "device_name": "/dev/sda1",
                "encrypted": false,
                "iops": 3000,
                "kms_key_id": "",
                "tags": {},
                "tags_all": {},
                "throughput": 125,
                "volume_id": "vol-0bedccf677a838591",
                "volume_size": 8,
                "volume_type": "gp3"
              }
            ],
            "secondary_private_ips": [],
            "security_groups": [],
            "source_dest_check": true,
            "spot_instance_request_id": "",
            "subnet_id": "subnet-0de311b2c771796c8",
            "tags": {
              "Name": "backend"
            },
            "tags_all": {
              "Name": "backend"
            },
            "tenancy": "default",
            "timeouts": null,
            "user_data": "f10d38a21d2192f1f9d68297a156bc321c2202f4",
            "user_data_base64": null,
            "user_data_replace_on_change": false,
            "volume_tags": null,
            "vpc_security_group_ids": [
              "sg-07e100dc2d30203e1"
            ]
          },
          "sensitive_attributes": [],
          "private": "eyJlMmJmYjczMC1lY2FhLTExZTYtOGY4OC0zNDM2M2JjN2M0YzAiOnsiY3JlYXRlIjo2MDAwMDAwMDAwMDAsImRlbGV0ZSI6MTIwMDAwMDAwMDAwMCwicmVhZCI6OTAwMDAwMDAwMDAwLCJ1cGRhdGUiOjYwMDAwMDAwMDAwMH0sInNjaGVtYV92ZXJzaW9uIjoiMSJ9",
          "dependencies": [
            "aws_eip.nat",
            "aws_key_pair.ubuntu_key_pair",
            "aws_nat_gateway.nat",
            "aws_route_table.private",
            "aws_route_table_association.private",
            "aws_security_group.private_sg",
            "aws_subnet.private_subnet",
            "aws_subnet.public_subnet",
            "aws_vpc.main",
            "data.aws_availability_zones.available",
            "tls_private_key.ssh_key"
          ]
        },
        {
          "index_key": 2,
          "schema_version": 1,
          "attributes": {
            "ami": "ami-04b70fa74e45c3917",
            "arn": "arn:aws:ec2:us-east-1:894361994133:instance/i-0a3955875497850b0",
            "associate_public_ip_address": false,
            "availability_zone": "us-east-1c",
            "capacity_reservation_specification": [
              {
                "capacity_reservation_preference": "open",
                "capacity_reservation_target": []
              }
            ],
            "cpu_core_count": 1,
            "cpu_options": [
              {
                "amd_sev_snp": "",
                "core_count": 1,
                "threads_per_core": 1
              }
            ],
            "cpu_threads_per_core": 1,
            "credit_specification": [
              {
                "cpu_credits": "standard"
              }
            ],
            "disable_api_stop": false,
            "disable_api_termination": false,
            "ebs_block_device": [],
            "ebs_optimized": false,
            "enclave_options": [
              {
                "enabled": false
              }
            ],
            "ephemeral_block_device": [],
            "get_password_data": false,
            "hibernation": false,
            "host_id": "",
            "host_resource_group_arn": null,
            "iam_instance_profile": "",
            "id": "i-0a3955875497850b0",
            "instance_initiated_shutdown_behavior": "stop",
            "instance_lifecycle": "",
            "instance_market_options": [],
            "instance_state": "running",
            "instance_type": "t2.micro",
            "ipv6_address_count": 0,
            "ipv6_addresses": [],
            "key_name": "ubuntu-key",
            "launch_template": [],
            "maintenance_options": [
              {
                "auto_recovery": "default"
              }
            ],
            "metadata_options": [
              {
                "http_endpoint": "enabled",
                "http_protocol_ipv6": "disabled",
                "http_put_response_hop_limit": 2,
                "http_tokens": "required",
                "instance_metadata_tags": "disabled"
              }
            ],
            "monitoring": false,
            "network_interface": [],
            "outpost_arn": "",
            "password_data": "",
            "placement_group": "",
            "placement_partition_number": 0,
            "primary_network_interface_id": "eni-04902664f0fe5c5b8",
            "private_dns": "ip-10-0-6-190.ec2.internal",
            "private_dns_name_options": [
              {
                "enable_resource_name_dns_a_record": false,
                "enable_resource_name_dns_aaaa_record": false,
                "hostname_type": "ip-name"
              }
            ],
            "private_ip": "10.0.6.190",
            "public_dns": "",
            "public_ip": "",
            "root_block_device": [
              {
                "delete_on_termination": true,
                "device_name": "/dev/sda1",
                "encrypted": false,
                "iops": 3000,
                "kms_key_id": "",
                "tags": {},
                "tags_all": {},
                "throughput": 125,
                "volume_id": "vol-0617e967f55520dae",
                "volume_size": 8,
                "volume_type": "gp3"
              }
            ],
            "secondary_private_ips": [],
            "security_groups": [],
            "source_dest_check": true,
            "spot_instance_request_id": "",
            "subnet_id": "subnet-058ebf090376e15cb",
            "tags": {
              "Name": "metabase"
            },
            "tags_all": {
              "Name": "metabase"
            },
            "tenancy": "default",
            "timeouts": null,
            "user_data": "f10d38a21d2192f1f9d68297a156bc321c2202f4",
            "user_data_base64": null,
            "user_data_replace_on_change": false,
            "volume_tags": null,
            "vpc_security_group_ids": [
              "sg-07e100dc2d30203e1"
            ]
          },
          "sensitive_attributes": [],
          "private": "eyJlMmJmYjczMC1lY2FhLTExZTYtOGY4OC0zNDM2M2JjN2M0YzAiOnsiY3JlYXRlIjo2MDAwMDAwMDAwMDAsImRlbGV0ZSI6MTIwMDAwMDAwMDAwMCwicmVhZCI6OTAwMDAwMDAwMDAwLCJ1cGRhdGUiOjYwMDAwMDAwMDAwMH0sInNjaGVtYV92ZXJzaW9uIjoiMSJ9",
          "dependencies": [
            "aws_eip.nat",
            "aws_key_pair.ubuntu_key_pair",
            "aws_nat_gateway.nat",
            "aws_route_table.private",
            "aws_route_table_association.private",
            "aws_security_group.private_sg",
            "aws_subnet.private_subnet",
            "aws_subnet.public_subnet",
            "aws_vpc.main",
            "data.aws_availability_zones.available",
            "tls_private_key.ssh_key"
          ]
        }
      ]
    },
    {
      "mode": "managed",
      "type": "aws_instance",
      "name": "ec2_instance_public",
      "provider": "provider[\"registry.terraform.io/hashicorp/aws\"]",
      "instances": [
        {
          "schema_version": 1,
          "attributes": {
            "ami": "ami-04b70fa74e45c3917",
            "arn": "arn:aws:ec2:us-east-1:894361994133:instance/i-0e2042e91baf377a3",
            "associate_public_ip_address": true,
            "availability_zone": "us-east-1a",
            "capacity_reservation_specification": [
              {
                "capacity_reservation_preference": "open",
                "capacity_reservation_target": []
              }
            ],
            "cpu_core_count": 1,
            "cpu_options": [
              {
                "amd_sev_snp": "",
                "core_count": 1,
                "threads_per_core": 1
              }
            ],
            "cpu_threads_per_core": 1,
            "credit_specification": [
              {
                "cpu_credits": "standard"
              }
            ],
            "disable_api_stop": false,
            "disable_api_termination": false,
            "ebs_block_device": [],
            "ebs_optimized": false,
            "enclave_options": [
              {
                "enabled": false
              }
            ],
            "ephemeral_block_device": [],
            "get_password_data": false,
            "hibernation": false,
            "host_id": "",
            "host_resource_group_arn": null,
            "iam_instance_profile": "",
            "id": "i-0e2042e91baf377a3",
            "instance_initiated_shutdown_behavior": "stop",
            "instance_lifecycle": "",
            "instance_market_options": [],
            "instance_state": "running",
            "instance_type": "t2.micro",
            "ipv6_address_count": 0,
            "ipv6_addresses": [],
            "key_name": "ubuntu-key",
            "launch_template": [],
            "maintenance_options": [
              {
                "auto_recovery": "default"
              }
            ],
            "metadata_options": [
              {
                "http_endpoint": "enabled",
                "http_protocol_ipv6": "disabled",
                "http_put_response_hop_limit": 2,
                "http_tokens": "required",
                "instance_metadata_tags": "disabled"
              }
            ],
            "monitoring": false,
            "network_interface": [],
            "outpost_arn": "",
            "password_data": "",
            "placement_group": "",
            "placement_partition_number": 0,
            "primary_network_interface_id": "eni-02e8b7fb14c5e35d9",
            "private_dns": "ip-10-0-1-159.ec2.internal",
            "private_dns_name_options": [
              {
                "enable_resource_name_dns_a_record": false,
                "enable_resource_name_dns_aaaa_record": false,
                "hostname_type": "ip-name"
              }
            ],
            "private_ip": "10.0.1.159",
            "public_dns": "",
            "public_ip": "3.239.192.85",
            "root_block_device": [
              {
                "delete_on_termination": true,
                "device_name": "/dev/sda1",
                "encrypted": false,
                "iops": 3000,
                "kms_key_id": "",
                "tags": {},
                "tags_all": {},
                "throughput": 125,
                "volume_id": "vol-0160ce2b92eb7b963",
                "volume_size": 8,
                "volume_type": "gp3"
              }
            ],
            "secondary_private_ips": [],
            "security_groups": [],
            "source_dest_check": true,
            "spot_instance_request_id": "",
            "subnet_id": "subnet-0da8562923a0cb91e",
            "tags": {
              "Name": "my-bastion"
            },
            "tags_all": {
              "Name": "my-bastion"
            },
            "tenancy": "default",
            "timeouts": null,
            "user_data": "f10d38a21d2192f1f9d68297a156bc321c2202f4",
            "user_data_base64": null,
            "user_data_replace_on_change": false,
            "volume_tags": null,
            "vpc_security_group_ids": [
              "sg-09262e84c0a5a2737"
            ]
          },
          "sensitive_attributes": [],
          "private": "eyJlMmJmYjczMC1lY2FhLTExZTYtOGY4OC0zNDM2M2JjN2M0YzAiOnsiY3JlYXRlIjo2MDAwMDAwMDAwMDAsImRlbGV0ZSI6MTIwMDAwMDAwMDAwMCwicmVhZCI6OTAwMDAwMDAwMDAwLCJ1cGRhdGUiOjYwMDAwMDAwMDAwMH0sInNjaGVtYV92ZXJzaW9uIjoiMSJ9",
          "dependencies": [
            "aws_key_pair.ubuntu_key_pair",
            "aws_security_group.public_sg",
            "aws_subnet.public_subnet",
            "aws_vpc.main",
            "data.aws_availability_zones.available",
            "tls_private_key.ssh_key"
          ]
        }
      ]
    },
    {
      "mode": "managed",
      "type": "aws_internet_gateway",
      "name": "igw",
      "provider": "provider[\"registry.terraform.io/hashicorp/aws\"]",
      "instances": [
        {
          "schema_version": 0,
          "attributes": {
            "arn": "arn:aws:ec2:us-east-1:894361994133:internet-gateway/igw-0529438e281c747bd",
            "id": "igw-0529438e281c747bd",
            "owner_id": "894361994133",
            "tags": {
              "Name": "my-igw"
            },
            "tags_all": {
              "Name": "my-igw"
            },
            "timeouts": null,
            "vpc_id": "vpc-02ef6a8d61df65d34"
          },
          "sensitive_attributes": [],
          "private": "eyJlMmJmYjczMC1lY2FhLTExZTYtOGY4OC0zNDM2M2JjN2M0YzAiOnsiY3JlYXRlIjoxMjAwMDAwMDAwMDAwLCJkZWxldGUiOjEyMDAwMDAwMDAwMDAsInVwZGF0ZSI6MTIwMDAwMDAwMDAwMH19",
          "dependencies": [
            "aws_vpc.main"
          ]
        }
      ]
    },
    {
      "mode": "managed",
      "type": "aws_key_pair",
      "name": "ubuntu_key_pair",
      "provider": "provider[\"registry.terraform.io/hashicorp/aws\"]",
      "instances": [
        {
          "schema_version": 1,
          "attributes": {
            "arn": "arn:aws:ec2:us-east-1:894361994133:key-pair/ubuntu-key",
            "fingerprint": "fc:ce:60:31:a8:b8:c6:9a:e9:32:36:40:8c:9e:75:3c",
            "id": "ubuntu-key",
            "key_name": "ubuntu-key",
            "key_name_prefix": "",
            "key_pair_id": "key-0a7b1f47f8b961713",
            "key_type": "rsa",
            "public_key": "ssh-rsa AAAAB3NzaC1yc2EAAAADAQABAAACAQCVXYCOFE8laTPJXW+0DTHjXA6u+bipreqt9PIG5fYcPvMX1V9nM3ywi4O/dErXfqiwyLCzJ+yYXS+VQfjh67JNL1V460ovrKXHNqCz+U9S5J2CI2Ovi71j7GDzneoi6zERf0TxYXI0kndPQgNt38S+6RyqK7gfZeLiSP0t8/IR69wg5XxoSTsXjZOpQ5zw49sy0NGN0PvwcMkt3zAxaUaQ0VqR2+hpCWVFI+3REJQaCRZFOUwXSjJbnRqoIsCPonblTjcVe5JARwwYw4TsJCmCYcZfSkvt5v1FO2u5f/+4b1Gx7TnC0fOQOxrdiQw25AS3Xx5LDGTnar9UYucmZTxkFJjgqvyH3OhkCvtu1hpenxtlCV74pN/RFQQ+Drb8pwi8wu80w4TcVffIaYLrtbxbRFZG7iUhR+qBWeqDxQ/ewrrwN8jV/XyPMtBWN73z/1hUC7TIeXa71Wjhd9Hod7/57I2I6+Dxge0irMUDKFmYmSFo+8jdTtzusGRa38sJwAnYkMOYv4YJS9euF2hl2tRqU1Mla/7y2yvckyXYcDLa8/x4ORDINTBsske2L6UndImsjhOXukWF3a6ffm7LMuIYizlWJMAs9iLZWpxfYEHMQ0/gdROdHY/LgmbfE3Ie0qoh6mYMJ169pX1pEWbn1gTxA9fWwUWFQhShGTKXp3nfUQ==",
            "tags": null,
            "tags_all": {}
          },
          "sensitive_attributes": [],
          "private": "eyJzY2hlbWFfdmVyc2lvbiI6IjEifQ==",
          "dependencies": [
            "tls_private_key.ssh_key"
          ]
        }
      ]
    },
    {
      "mode": "managed",
      "type": "aws_lb",
      "name": "app_lb",
      "provider": "provider[\"registry.terraform.io/hashicorp/aws\"]",
      "instances": [
        {
          "schema_version": 0,
          "attributes": {
            "access_logs": [
              {
                "bucket": "",
                "enabled": false,
                "prefix": ""
              }
            ],
            "arn": "arn:aws:elasticloadbalancing:us-east-1:894361994133:loadbalancer/app/app-lb/e067321bc6276c53",
            "arn_suffix": "app/app-lb/e067321bc6276c53",
            "client_keep_alive": 3600,
            "connection_logs": [
              {
                "bucket": "",
                "enabled": false,
                "prefix": ""
              }
            ],
            "customer_owned_ipv4_pool": "",
            "desync_mitigation_mode": "defensive",
            "dns_name": "app-lb-1182741601.us-east-1.elb.amazonaws.com",
            "dns_record_client_routing_policy": null,
            "drop_invalid_header_fields": false,
            "enable_cross_zone_load_balancing": true,
            "enable_deletion_protection": false,
            "enable_http2": true,
            "enable_tls_version_and_cipher_suite_headers": false,
            "enable_waf_fail_open": false,
            "enable_xff_client_port": false,
            "enforce_security_group_inbound_rules_on_private_link_traffic": "",
            "id": "arn:aws:elasticloadbalancing:us-east-1:894361994133:loadbalancer/app/app-lb/e067321bc6276c53",
            "idle_timeout": 60,
            "internal": false,
            "ip_address_type": "ipv4",
            "load_balancer_type": "application",
            "name": "app-lb",
            "name_prefix": "",
            "preserve_host_header": false,
            "security_groups": [
              "sg-03cbdb1d142fc1f65"
            ],
            "subnet_mapping": [
              {
                "allocation_id": "",
                "ipv6_address": "",
                "outpost_id": "",
                "private_ipv4_address": "",
                "subnet_id": "subnet-06dbff427caf980b4"
              },
              {
                "allocation_id": "",
                "ipv6_address": "",
                "outpost_id": "",
                "private_ipv4_address": "",
                "subnet_id": "subnet-088f2ec3d7ef444e9"
              },
              {
                "allocation_id": "",
                "ipv6_address": "",
                "outpost_id": "",
                "private_ipv4_address": "",
                "subnet_id": "subnet-0da8562923a0cb91e"
              }
            ],
            "subnets": [
              "subnet-06dbff427caf980b4",
              "subnet-088f2ec3d7ef444e9",
              "subnet-0da8562923a0cb91e"
            ],
            "tags": {
              "Name": "app-lb"
            },
            "tags_all": {
              "Name": "app-lb"
            },
            "timeouts": null,
            "vpc_id": "vpc-02ef6a8d61df65d34",
            "xff_header_processing_mode": "append",
            "zone_id": "Z35SXDOTRQ7X7K"
          },
          "sensitive_attributes": [],
          "private": "eyJlMmJmYjczMC1lY2FhLTExZTYtOGY4OC0zNDM2M2JjN2M0YzAiOnsiY3JlYXRlIjo2MDAwMDAwMDAwMDAsImRlbGV0ZSI6NjAwMDAwMDAwMDAwLCJ1cGRhdGUiOjYwMDAwMDAwMDAwMH19",
          "dependencies": [
            "aws_security_group.lb_sg",
            "aws_subnet.public_subnet",
            "aws_vpc.main",
            "data.aws_availability_zones.available"
          ]
        }
      ]
    },
    {
      "mode": "managed",
      "type": "aws_lb_listener",
      "name": "http",
      "provider": "provider[\"registry.terraform.io/hashicorp/aws\"]",
      "instances": [
        {
          "schema_version": 0,
          "attributes": {
            "alpn_policy": null,
            "arn": "arn:aws:elasticloadbalancing:us-east-1:894361994133:listener/app/app-lb/e067321bc6276c53/7c3a54f9c7e60813",
            "certificate_arn": null,
            "default_action": [
              {
                "authenticate_cognito": [],
                "authenticate_oidc": [],
                "fixed_response": [],
                "forward": [],
                "order": 1,
                "redirect": [],
                "target_group_arn": "arn:aws:elasticloadbalancing:us-east-1:894361994133:targetgroup/frontend-tg/3666f27eb58da078",
                "type": "forward"
              }
            ],
            "id": "arn:aws:elasticloadbalancing:us-east-1:894361994133:listener/app/app-lb/e067321bc6276c53/7c3a54f9c7e60813",
            "load_balancer_arn": "arn:aws:elasticloadbalancing:us-east-1:894361994133:loadbalancer/app/app-lb/e067321bc6276c53",
            "mutual_authentication": [],
            "port": 80,
            "protocol": "HTTP",
            "ssl_policy": "",
            "tags": null,
            "tags_all": {},
            "timeouts": null
          },
          "sensitive_attributes": [],
          "private": "eyJlMmJmYjczMC1lY2FhLTExZTYtOGY4OC0zNDM2M2JjN2M0YzAiOnsiY3JlYXRlIjozMDAwMDAwMDAwMDAsInVwZGF0ZSI6MzAwMDAwMDAwMDAwfX0=",
          "dependencies": [
            "aws_lb.app_lb",
            "aws_lb_target_group.frontend_tg",
            "aws_security_group.lb_sg",
            "aws_subnet.public_subnet",
            "aws_vpc.main",
            "data.aws_availability_zones.available"
          ]
        }
      ]
    },
    {
      "mode": "managed",
      "type": "aws_lb_target_group",
      "name": "backend_tg",
      "provider": "provider[\"registry.terraform.io/hashicorp/aws\"]",
      "instances": [
        {
          "schema_version": 0,
          "attributes": {
            "arn": "arn:aws:elasticloadbalancing:us-east-1:894361994133:targetgroup/backend-tg/ef41fa8a754f40b8",
            "arn_suffix": "targetgroup/backend-tg/ef41fa8a754f40b8",
            "connection_termination": null,
            "deregistration_delay": "300",
            "health_check": [
              {
                "enabled": true,
                "healthy_threshold": 2,
                "interval": 30,
                "matcher": "200",
                "path": "/",
                "port": "traffic-port",
                "protocol": "HTTP",
                "timeout": 5,
                "unhealthy_threshold": 2
              }
            ],
            "id": "arn:aws:elasticloadbalancing:us-east-1:894361994133:targetgroup/backend-tg/ef41fa8a754f40b8",
            "ip_address_type": "ipv4",
            "lambda_multi_value_headers_enabled": false,
            "load_balancer_arns": [],
            "load_balancing_algorithm_type": "round_robin",
            "load_balancing_anomaly_mitigation": "off",
            "load_balancing_cross_zone_enabled": "use_load_balancer_configuration",
            "name": "backend-tg",
            "name_prefix": "",
            "port": 80,
            "preserve_client_ip": null,
            "protocol": "HTTP",
            "protocol_version": "HTTP1",
            "proxy_protocol_v2": false,
            "slow_start": 0,
            "stickiness": [
              {
                "cookie_duration": 86400,
                "cookie_name": "",
                "enabled": false,
                "type": "lb_cookie"
              }
            ],
            "tags": {
              "Name": "backend-tg"
            },
            "tags_all": {
              "Name": "backend-tg"
            },
            "target_failover": [
              {
                "on_deregistration": null,
                "on_unhealthy": null
              }
            ],
            "target_health_state": [
              {
                "enable_unhealthy_connection_termination": null
              }
            ],
            "target_type": "instance",
            "vpc_id": "vpc-02ef6a8d61df65d34"
          },
          "sensitive_attributes": [],
          "private": "bnVsbA==",
          "dependencies": [
            "aws_vpc.main"
          ]
        }
      ]
    },
    {
      "mode": "managed",
      "type": "aws_lb_target_group",
      "name": "frontend_tg",
      "provider": "provider[\"registry.terraform.io/hashicorp/aws\"]",
      "instances": [
        {
          "schema_version": 0,
          "attributes": {
            "arn": "arn:aws:elasticloadbalancing:us-east-1:894361994133:targetgroup/frontend-tg/3666f27eb58da078",
            "arn_suffix": "targetgroup/frontend-tg/3666f27eb58da078",
            "connection_termination": null,
            "deregistration_delay": "300",
            "health_check": [
              {
                "enabled": true,
                "healthy_threshold": 2,
                "interval": 30,
                "matcher": "200",
                "path": "/",
                "port": "traffic-port",
                "protocol": "HTTP",
                "timeout": 5,
                "unhealthy_threshold": 2
              }
            ],
            "id": "arn:aws:elasticloadbalancing:us-east-1:894361994133:targetgroup/frontend-tg/3666f27eb58da078",
            "ip_address_type": "ipv4",
            "lambda_multi_value_headers_enabled": false,
            "load_balancer_arns": [],
            "load_balancing_algorithm_type": "round_robin",
            "load_balancing_anomaly_mitigation": "off",
            "load_balancing_cross_zone_enabled": "use_load_balancer_configuration",
            "name": "frontend-tg",
            "name_prefix": "",
            "port": 80,
            "preserve_client_ip": null,
            "protocol": "HTTP",
            "protocol_version": "HTTP1",
            "proxy_protocol_v2": false,
            "slow_start": 0,
            "stickiness": [
              {
                "cookie_duration": 86400,
                "cookie_name": "",
                "enabled": false,
                "type": "lb_cookie"
              }
            ],
            "tags": {
              "Name": "frontend-tg"
            },
            "tags_all": {
              "Name": "frontend-tg"
            },
            "target_failover": [
              {
                "on_deregistration": null,
                "on_unhealthy": null
              }
            ],
            "target_health_state": [
              {
                "enable_unhealthy_connection_termination": null
              }
            ],
            "target_type": "instance",
            "vpc_id": "vpc-02ef6a8d61df65d34"
          },
          "sensitive_attributes": [],
          "private": "bnVsbA==",
          "dependencies": [
            "aws_vpc.main"
          ]
        }
      ]
    },
    {
      "mode": "managed",
      "type": "aws_lb_target_group_attachment",
      "name": "backend_attachment",
      "provider": "provider[\"registry.terraform.io/hashicorp/aws\"]",
      "instances": [
        {
          "schema_version": 0,
          "attributes": {
            "availability_zone": null,
            "id": "arn:aws:elasticloadbalancing:us-east-1:894361994133:targetgroup/backend-tg/ef41fa8a754f40b8-20240608181845322300000008",
            "port": 80,
            "target_group_arn": "arn:aws:elasticloadbalancing:us-east-1:894361994133:targetgroup/backend-tg/ef41fa8a754f40b8",
            "target_id": "i-098fc4888dfab8e5d"
          },
          "sensitive_attributes": [],
          "private": "bnVsbA==",
          "dependencies": [
            "aws_eip.nat",
            "aws_instance.ec2_instance_private",
            "aws_key_pair.ubuntu_key_pair",
            "aws_lb_target_group.backend_tg",
            "aws_nat_gateway.nat",
            "aws_route_table.private",
            "aws_route_table_association.private",
            "aws_security_group.private_sg",
            "aws_subnet.private_subnet",
            "aws_subnet.public_subnet",
            "aws_vpc.main",
            "data.aws_availability_zones.available",
            "data.aws_instances.backend_instances",
            "tls_private_key.ssh_key"
          ]
        }
      ]
    },
    {
      "mode": "managed",
      "type": "aws_lb_target_group_attachment",
      "name": "frontend_attachment",
      "provider": "provider[\"registry.terraform.io/hashicorp/aws\"]",
      "instances": [
        {
          "schema_version": 0,
          "attributes": {
            "availability_zone": null,
            "id": "arn:aws:elasticloadbalancing:us-east-1:894361994133:targetgroup/frontend-tg/3666f27eb58da078-20240608181845662200000009",
            "port": 80,
            "target_group_arn": "arn:aws:elasticloadbalancing:us-east-1:894361994133:targetgroup/frontend-tg/3666f27eb58da078",
            "target_id": "i-0cb37add0acb89689"
          },
          "sensitive_attributes": [],
          "private": "bnVsbA==",
          "dependencies": [
            "aws_eip.nat",
            "aws_instance.ec2_instance_private",
            "aws_key_pair.ubuntu_key_pair",
            "aws_lb_target_group.frontend_tg",
            "aws_nat_gateway.nat",
            "aws_route_table.private",
            "aws_route_table_association.private",
            "aws_security_group.private_sg",
            "aws_subnet.private_subnet",
            "aws_subnet.public_subnet",
            "aws_vpc.main",
            "data.aws_availability_zones.available",
            "data.aws_instances.frontend_instances",
            "tls_private_key.ssh_key"
          ]
        }
      ]
    },
    {
      "mode": "managed",
      "type": "aws_nat_gateway",
      "name": "nat",
      "provider": "provider[\"registry.terraform.io/hashicorp/aws\"]",
      "instances": [
        {
          "schema_version": 0,
          "attributes": {
            "allocation_id": "eipalloc-0d9702d44a43df149",
            "association_id": "eipassoc-02d5eb37fdfc9be47",
            "connectivity_type": "public",
            "id": "nat-0eebd0929cb87577a",
            "network_interface_id": "eni-022c521c0e0363c2e",
            "private_ip": "10.0.1.69",
            "public_ip": "3.230.134.246",
            "secondary_allocation_ids": null,
            "secondary_private_ip_address_count": 0,
            "secondary_private_ip_addresses": [],
            "subnet_id": "subnet-0da8562923a0cb91e",
            "tags": {
              "Name": "my-nat-gw"
            },
            "tags_all": {
              "Name": "my-nat-gw"
            },
            "timeouts": null
          },
          "sensitive_attributes": [],
          "private": "eyJlMmJmYjczMC1lY2FhLTExZTYtOGY4OC0zNDM2M2JjN2M0YzAiOnsiY3JlYXRlIjo2MDAwMDAwMDAwMDAsImRlbGV0ZSI6MTgwMDAwMDAwMDAwMCwidXBkYXRlIjo2MDAwMDAwMDAwMDB9fQ==",
          "dependencies": [
            "aws_eip.nat",
            "aws_subnet.public_subnet",
            "aws_vpc.main",
            "data.aws_availability_zones.available"
          ]
        }
      ]
    },
    {
      "mode": "managed",
      "type": "aws_route53_record",
      "name": "backend",
      "provider": "provider[\"registry.terraform.io/hashicorp/aws\"]",
      "instances": [
        {
          "schema_version": 2,
          "attributes": {
            "alias": [
              {
                "evaluate_target_health": true,
                "name": "app-lb-1182741601.us-east-1.elb.amazonaws.com",
                "zone_id": "Z35SXDOTRQ7X7K"
              }
            ],
            "allow_overwrite": null,
            "cidr_routing_policy": [],
            "failover_routing_policy": [],
            "fqdn": "backend.bilalnaseem.xyz",
            "geolocation_routing_policy": [],
            "geoproximity_routing_policy": [],
            "health_check_id": "",
            "id": "Z00009903HKIIULYTG1M3_backend_A",
            "latency_routing_policy": [],
            "multivalue_answer_routing_policy": false,
            "name": "backend",
            "records": null,
            "set_identifier": "",
            "ttl": 0,
            "type": "A",
            "weighted_routing_policy": [],
            "zone_id": "Z00009903HKIIULYTG1M3"
          },
          "sensitive_attributes": [],
          "private": "eyJzY2hlbWFfdmVyc2lvbiI6IjIifQ==",
          "dependencies": [
            "aws_lb.app_lb",
            "aws_security_group.lb_sg",
            "aws_subnet.public_subnet",
            "aws_vpc.main",
            "data.aws_availability_zones.available",
            "data.aws_route53_zone.domain"
          ]
        }
      ]
    },
    {
      "mode": "managed",
      "type": "aws_route53_record",
      "name": "frontend",
      "provider": "provider[\"registry.terraform.io/hashicorp/aws\"]",
      "instances": [
        {
          "schema_version": 2,
          "attributes": {
            "alias": [
              {
                "evaluate_target_health": true,
                "name": "app-lb-1182741601.us-east-1.elb.amazonaws.com",
                "zone_id": "Z35SXDOTRQ7X7K"
              }
            ],
            "allow_overwrite": null,
            "cidr_routing_policy": [],
            "failover_routing_policy": [],
            "fqdn": "frontend.bilalnaseem.xyz",
            "geolocation_routing_policy": [],
            "geoproximity_routing_policy": [],
            "health_check_id": "",
            "id": "Z00009903HKIIULYTG1M3_frontend_A",
            "latency_routing_policy": [],
            "multivalue_answer_routing_policy": false,
            "name": "frontend",
            "records": null,
            "set_identifier": "",
            "ttl": 0,
            "type": "A",
            "weighted_routing_policy": [],
            "zone_id": "Z00009903HKIIULYTG1M3"
          },
          "sensitive_attributes": [],
          "private": "eyJzY2hlbWFfdmVyc2lvbiI6IjIifQ==",
          "dependencies": [
            "aws_lb.app_lb",
            "aws_security_group.lb_sg",
            "aws_subnet.public_subnet",
            "aws_vpc.main",
            "data.aws_availability_zones.available",
            "data.aws_route53_zone.domain"
          ]
        }
      ]
    },
    {
      "mode": "managed",
      "type": "aws_route_table",
      "name": "private",
      "provider": "provider[\"registry.terraform.io/hashicorp/aws\"]",
      "instances": [
        {
          "schema_version": 0,
          "attributes": {
            "arn": "arn:aws:ec2:us-east-1:894361994133:route-table/rtb-0f103df4b478c5dbb",
            "id": "rtb-0f103df4b478c5dbb",
            "owner_id": "894361994133",
            "propagating_vgws": [],
            "route": [
              {
                "carrier_gateway_id": "",
                "cidr_block": "0.0.0.0/0",
                "core_network_arn": "",
                "destination_prefix_list_id": "",
                "egress_only_gateway_id": "",
                "gateway_id": "nat-0eebd0929cb87577a",
                "ipv6_cidr_block": "",
                "local_gateway_id": "",
                "nat_gateway_id": "",
                "network_interface_id": "",
                "transit_gateway_id": "",
                "vpc_endpoint_id": "",
                "vpc_peering_connection_id": ""
              }
            ],
            "tags": {
              "Name": "my-private-route-table"
            },
            "tags_all": {
              "Name": "my-private-route-table"
            },
            "timeouts": null,
            "vpc_id": "vpc-02ef6a8d61df65d34"
          },
          "sensitive_attributes": [],
          "private": "eyJlMmJmYjczMC1lY2FhLTExZTYtOGY4OC0zNDM2M2JjN2M0YzAiOnsiY3JlYXRlIjozMDAwMDAwMDAwMDAsImRlbGV0ZSI6MzAwMDAwMDAwMDAwLCJ1cGRhdGUiOjEyMDAwMDAwMDAwMH19",
          "dependencies": [
            "aws_eip.nat",
            "aws_nat_gateway.nat",
            "aws_subnet.public_subnet",
            "aws_vpc.main",
            "data.aws_availability_zones.available"
          ]
        }
      ]
    },
    {
      "mode": "managed",
      "type": "aws_route_table",
      "name": "public",
      "provider": "provider[\"registry.terraform.io/hashicorp/aws\"]",
      "instances": [
        {
          "schema_version": 0,
          "attributes": {
            "arn": "arn:aws:ec2:us-east-1:894361994133:route-table/rtb-028858d256a1d5c0e",
            "id": "rtb-028858d256a1d5c0e",
            "owner_id": "894361994133",
            "propagating_vgws": [],
            "route": [
              {
                "carrier_gateway_id": "",
                "cidr_block": "0.0.0.0/0",
                "core_network_arn": "",
                "destination_prefix_list_id": "",
                "egress_only_gateway_id": "",
                "gateway_id": "igw-0529438e281c747bd",
                "ipv6_cidr_block": "",
                "local_gateway_id": "",
                "nat_gateway_id": "",
                "network_interface_id": "",
                "transit_gateway_id": "",
                "vpc_endpoint_id": "",
                "vpc_peering_connection_id": ""
              }
            ],
            "tags": {
              "Name": "my-public-route-table"
            },
            "tags_all": {
              "Name": "my-public-route-table"
            },
            "timeouts": null,
            "vpc_id": "vpc-02ef6a8d61df65d34"
          },
          "sensitive_attributes": [],
          "private": "eyJlMmJmYjczMC1lY2FhLTExZTYtOGY4OC0zNDM2M2JjN2M0YzAiOnsiY3JlYXRlIjozMDAwMDAwMDAwMDAsImRlbGV0ZSI6MzAwMDAwMDAwMDAwLCJ1cGRhdGUiOjEyMDAwMDAwMDAwMH19",
          "dependencies": [
            "aws_internet_gateway.igw",
            "aws_vpc.main"
          ]
        }
      ]
    },
    {
      "mode": "managed",
      "type": "aws_route_table_association",
      "name": "private",
      "provider": "provider[\"registry.terraform.io/hashicorp/aws\"]",
      "instances": [
        {
          "index_key": 0,
          "schema_version": 0,
          "attributes": {
            "gateway_id": "",
            "id": "rtbassoc-0146b9d1c34ef9e80",
            "route_table_id": "rtb-0f103df4b478c5dbb",
            "subnet_id": "subnet-029b2c7b0429c649f",
            "timeouts": null
          },
          "sensitive_attributes": [],
          "private": "eyJlMmJmYjczMC1lY2FhLTExZTYtOGY4OC0zNDM2M2JjN2M0YzAiOnsiY3JlYXRlIjozMDAwMDAwMDAwMDAsImRlbGV0ZSI6MzAwMDAwMDAwMDAwLCJ1cGRhdGUiOjEyMDAwMDAwMDAwMH19",
          "dependencies": [
            "aws_eip.nat",
            "aws_nat_gateway.nat",
            "aws_route_table.private",
            "aws_subnet.private_subnet",
            "aws_subnet.public_subnet",
            "aws_vpc.main",
            "data.aws_availability_zones.available"
          ]
        },
        {
          "index_key": 1,
          "schema_version": 0,
          "attributes": {
            "gateway_id": "",
            "id": "rtbassoc-0a0e6dd9c03f3d5f8",
            "route_table_id": "rtb-0f103df4b478c5dbb",
            "subnet_id": "subnet-0de311b2c771796c8",
            "timeouts": null
          },
          "sensitive_attributes": [],
          "private": "eyJlMmJmYjczMC1lY2FhLTExZTYtOGY4OC0zNDM2M2JjN2M0YzAiOnsiY3JlYXRlIjozMDAwMDAwMDAwMDAsImRlbGV0ZSI6MzAwMDAwMDAwMDAwLCJ1cGRhdGUiOjEyMDAwMDAwMDAwMH19",
          "dependencies": [
            "aws_eip.nat",
            "aws_nat_gateway.nat",
            "aws_route_table.private",
            "aws_subnet.private_subnet",
            "aws_subnet.public_subnet",
            "aws_vpc.main",
            "data.aws_availability_zones.available"
          ]
        },
        {
          "index_key": 2,
          "schema_version": 0,
          "attributes": {
            "gateway_id": "",
            "id": "rtbassoc-0987bf3c6326c479a",
            "route_table_id": "rtb-0f103df4b478c5dbb",
            "subnet_id": "subnet-058ebf090376e15cb",
            "timeouts": null
          },
          "sensitive_attributes": [],
          "private": "eyJlMmJmYjczMC1lY2FhLTExZTYtOGY4OC0zNDM2M2JjN2M0YzAiOnsiY3JlYXRlIjozMDAwMDAwMDAwMDAsImRlbGV0ZSI6MzAwMDAwMDAwMDAwLCJ1cGRhdGUiOjEyMDAwMDAwMDAwMH19",
          "dependencies": [
            "aws_eip.nat",
            "aws_nat_gateway.nat",
            "aws_route_table.private",
            "aws_subnet.private_subnet",
            "aws_subnet.public_subnet",
            "aws_vpc.main",
            "data.aws_availability_zones.available"
          ]
        }
      ]
    },
    {
      "mode": "managed",
      "type": "aws_route_table_association",
      "name": "public",
      "provider": "provider[\"registry.terraform.io/hashicorp/aws\"]",
      "instances": [
        {
          "index_key": 0,
          "schema_version": 0,
          "attributes": {
            "gateway_id": "",
            "id": "rtbassoc-0e547495c2cc9034a",
            "route_table_id": "rtb-028858d256a1d5c0e",
            "subnet_id": "subnet-0da8562923a0cb91e",
            "timeouts": null
          },
          "sensitive_attributes": [],
          "private": "eyJlMmJmYjczMC1lY2FhLTExZTYtOGY4OC0zNDM2M2JjN2M0YzAiOnsiY3JlYXRlIjozMDAwMDAwMDAwMDAsImRlbGV0ZSI6MzAwMDAwMDAwMDAwLCJ1cGRhdGUiOjEyMDAwMDAwMDAwMH19",
          "dependencies": [
            "aws_internet_gateway.igw",
            "aws_route_table.public",
            "aws_subnet.public_subnet",
            "aws_vpc.main",
            "data.aws_availability_zones.available"
          ]
        },
        {
          "index_key": 1,
          "schema_version": 0,
          "attributes": {
            "gateway_id": "",
            "id": "rtbassoc-03f8c7dfe438541e7",
            "route_table_id": "rtb-028858d256a1d5c0e",
            "subnet_id": "subnet-088f2ec3d7ef444e9",
            "timeouts": null
          },
          "sensitive_attributes": [],
          "private": "eyJlMmJmYjczMC1lY2FhLTExZTYtOGY4OC0zNDM2M2JjN2M0YzAiOnsiY3JlYXRlIjozMDAwMDAwMDAwMDAsImRlbGV0ZSI6MzAwMDAwMDAwMDAwLCJ1cGRhdGUiOjEyMDAwMDAwMDAwMH19",
          "dependencies": [
            "aws_internet_gateway.igw",
            "aws_route_table.public",
            "aws_subnet.public_subnet",
            "aws_vpc.main",
            "data.aws_availability_zones.available"
          ]
        },
        {
          "index_key": 2,
          "schema_version": 0,
          "attributes": {
            "gateway_id": "",
            "id": "rtbassoc-0ccf3000817e71abf",
            "route_table_id": "rtb-028858d256a1d5c0e",
            "subnet_id": "subnet-06dbff427caf980b4",
            "timeouts": null
          },
          "sensitive_attributes": [],
          "private": "eyJlMmJmYjczMC1lY2FhLTExZTYtOGY4OC0zNDM2M2JjN2M0YzAiOnsiY3JlYXRlIjozMDAwMDAwMDAwMDAsImRlbGV0ZSI6MzAwMDAwMDAwMDAwLCJ1cGRhdGUiOjEyMDAwMDAwMDAwMH19",
          "dependencies": [
            "aws_internet_gateway.igw",
            "aws_route_table.public",
            "aws_subnet.public_subnet",
            "aws_vpc.main",
            "data.aws_availability_zones.available"
          ]
        }
      ]
    },
    {
      "mode": "managed",
      "type": "aws_security_group",
      "name": "lb_sg",
      "provider": "provider[\"registry.terraform.io/hashicorp/aws\"]",
      "instances": [
        {
          "schema_version": 1,
          "attributes": {
            "arn": "arn:aws:ec2:us-east-1:894361994133:security-group/sg-03cbdb1d142fc1f65",
            "description": "Allow HTTP and HTTPS inbound traffic",
            "egress": [
              {
                "cidr_blocks": [
                  "0.0.0.0/0"
                ],
                "description": "",
                "from_port": 0,
                "ipv6_cidr_blocks": [],
                "prefix_list_ids": [],
                "protocol": "-1",
                "security_groups": [],
                "self": false,
                "to_port": 0
              }
            ],
            "id": "sg-03cbdb1d142fc1f65",
            "ingress": [
              {
                "cidr_blocks": [
                  "0.0.0.0/0"
                ],
                "description": "",
                "from_port": 443,
                "ipv6_cidr_blocks": [],
                "prefix_list_ids": [],
                "protocol": "tcp",
                "security_groups": [],
                "self": false,
                "to_port": 443
              },
              {
                "cidr_blocks": [
                  "0.0.0.0/0"
                ],
                "description": "",
                "from_port": 80,
                "ipv6_cidr_blocks": [],
                "prefix_list_ids": [],
                "protocol": "tcp",
                "security_groups": [],
                "self": false,
                "to_port": 80
              }
            ],
            "name": "load-balancer-sg",
            "name_prefix": "",
            "owner_id": "894361994133",
            "revoke_rules_on_delete": false,
            "tags": {
              "Name": "lb-sg"
            },
            "tags_all": {
              "Name": "lb-sg"
            },
            "timeouts": null,
            "vpc_id": "vpc-02ef6a8d61df65d34"
          },
          "sensitive_attributes": [],
          "private": "eyJlMmJmYjczMC1lY2FhLTExZTYtOGY4OC0zNDM2M2JjN2M0YzAiOnsiY3JlYXRlIjo2MDAwMDAwMDAwMDAsImRlbGV0ZSI6OTAwMDAwMDAwMDAwfSwic2NoZW1hX3ZlcnNpb24iOiIxIn0=",
          "dependencies": [
            "aws_vpc.main"
          ]
        }
      ]
    },
    {
      "mode": "managed",
      "type": "aws_security_group",
      "name": "private_sg",
      "provider": "provider[\"registry.terraform.io/hashicorp/aws\"]",
      "instances": [
        {
          "schema_version": 1,
          "attributes": {
            "arn": "arn:aws:ec2:us-east-1:894361994133:security-group/sg-07e100dc2d30203e1",
            "description": "Allow traffic from the load balancer",
            "egress": [
              {
                "cidr_blocks": [
                  "0.0.0.0/0"
                ],
                "description": "",
                "from_port": 0,
                "ipv6_cidr_blocks": [],
                "prefix_list_ids": [],
                "protocol": "-1",
                "security_groups": [],
                "self": false,
                "to_port": 0
              }
            ],
            "id": "sg-07e100dc2d30203e1",
            "ingress": [
              {
                "cidr_blocks": [
                  "0.0.0.0/0"
                ],
                "description": "",
                "from_port": 22,
                "ipv6_cidr_blocks": [],
                "prefix_list_ids": [],
                "protocol": "tcp",
                "security_groups": [],
                "self": false,
                "to_port": 22
              },
              {
                "cidr_blocks": [
                  "0.0.0.0/0"
                ],
                "description": "",
                "from_port": 443,
                "ipv6_cidr_blocks": [],
                "prefix_list_ids": [],
                "protocol": "tcp",
                "security_groups": [],
                "self": false,
                "to_port": 443
              },
              {
                "cidr_blocks": [
                  "0.0.0.0/0"
                ],
                "description": "",
                "from_port": 80,
                "ipv6_cidr_blocks": [],
                "prefix_list_ids": [],
                "protocol": "tcp",
                "security_groups": [],
                "self": false,
                "to_port": 80
              }
            ],
            "name": "private_sg_name",
            "name_prefix": "",
            "owner_id": "894361994133",
            "revoke_rules_on_delete": false,
            "tags": {
              "Name": "private-sg"
            },
            "tags_all": {
              "Name": "private-sg"
            },
            "timeouts": null,
            "vpc_id": "vpc-02ef6a8d61df65d34"
          },
          "sensitive_attributes": [],
          "private": "eyJlMmJmYjczMC1lY2FhLTExZTYtOGY4OC0zNDM2M2JjN2M0YzAiOnsiY3JlYXRlIjo2MDAwMDAwMDAwMDAsImRlbGV0ZSI6OTAwMDAwMDAwMDAwfSwic2NoZW1hX3ZlcnNpb24iOiIxIn0=",
          "dependencies": [
            "aws_vpc.main"
          ]
        }
      ]
    },
    {
      "mode": "managed",
      "type": "aws_security_group",
      "name": "public_sg",
      "provider": "provider[\"registry.terraform.io/hashicorp/aws\"]",
      "instances": [
        {
          "schema_version": 1,
          "attributes": {
            "arn": "arn:aws:ec2:us-east-1:894361994133:security-group/sg-09262e84c0a5a2737",
            "description": "Allow SSH inbound traffic",
            "egress": [
              {
                "cidr_blocks": [
                  "0.0.0.0/0"
                ],
                "description": "",
                "from_port": 0,
                "ipv6_cidr_blocks": [],
                "prefix_list_ids": [],
                "protocol": "-1",
                "security_groups": [],
                "self": false,
                "to_port": 0
              }
            ],
            "id": "sg-09262e84c0a5a2737",
            "ingress": [
              {
                "cidr_blocks": [
                  "0.0.0.0/0"
                ],
                "description": "",
                "from_port": 22,
                "ipv6_cidr_blocks": [],
                "prefix_list_ids": [],
                "protocol": "tcp",
                "security_groups": [],
                "self": false,
                "to_port": 22
              }
            ],
            "name": "public-sg",
            "name_prefix": "",
            "owner_id": "894361994133",
            "revoke_rules_on_delete": false,
            "tags": {
              "Name": "public-sg"
            },
            "tags_all": {
              "Name": "public-sg"
            },
            "timeouts": null,
            "vpc_id": "vpc-02ef6a8d61df65d34"
          },
          "sensitive_attributes": [],
          "private": "eyJlMmJmYjczMC1lY2FhLTExZTYtOGY4OC0zNDM2M2JjN2M0YzAiOnsiY3JlYXRlIjo2MDAwMDAwMDAwMDAsImRlbGV0ZSI6OTAwMDAwMDAwMDAwfSwic2NoZW1hX3ZlcnNpb24iOiIxIn0=",
          "dependencies": [
            "aws_vpc.main"
          ]
        }
      ]
    },
    {
      "mode": "managed",
      "type": "aws_security_group",
      "name": "rds_sg",
      "provider": "provider[\"registry.terraform.io/hashicorp/aws\"]",
      "instances": [
        {
          "schema_version": 1,
          "attributes": {
            "arn": "arn:aws:ec2:us-east-1:894361994133:security-group/sg-03eb7140b5d405297",
            "description": "Allow SSH and MySQL traffic",
            "egress": [
              {
                "cidr_blocks": [
                  "0.0.0.0/0"
                ],
                "description": "",
                "from_port": 0,
                "ipv6_cidr_blocks": [],
                "prefix_list_ids": [],
                "protocol": "-1",
                "security_groups": [],
                "self": false,
                "to_port": 0
              }
            ],
            "id": "sg-03eb7140b5d405297",
            "ingress": [
              {
                "cidr_blocks": [
                  "0.0.0.0/0"
                ],
                "description": "",
                "from_port": 22,
                "ipv6_cidr_blocks": [],
                "prefix_list_ids": [],
                "protocol": "tcp",
                "security_groups": [],
                "self": false,
                "to_port": 22
              },
              {
                "cidr_blocks": [
                  "0.0.0.0/0"
                ],
                "description": "",
                "from_port": 3306,
                "ipv6_cidr_blocks": [],
                "prefix_list_ids": [],
                "protocol": "tcp",
                "security_groups": [],
                "self": false,
                "to_port": 3306
              }
            ],
            "name": "rds-sg",
            "name_prefix": "",
            "owner_id": "894361994133",
            "revoke_rules_on_delete": false,
            "tags": {
              "Name": "rds-sg"
            },
            "tags_all": {
              "Name": "rds-sg"
            },
            "timeouts": null,
            "vpc_id": "vpc-02ef6a8d61df65d34"
          },
          "sensitive_attributes": [],
          "private": "eyJlMmJmYjczMC1lY2FhLTExZTYtOGY4OC0zNDM2M2JjN2M0YzAiOnsiY3JlYXRlIjo2MDAwMDAwMDAwMDAsImRlbGV0ZSI6OTAwMDAwMDAwMDAwfSwic2NoZW1hX3ZlcnNpb24iOiIxIn0=",
          "dependencies": [
            "aws_vpc.main"
          ]
        }
      ]
    },
    {
      "mode": "managed",
      "type": "aws_subnet",
      "name": "private_subnet",
      "provider": "provider[\"registry.terraform.io/hashicorp/aws\"]",
      "instances": [
        {
          "index_key": 0,
          "schema_version": 1,
          "attributes": {
            "arn": "arn:aws:ec2:us-east-1:894361994133:subnet/subnet-029b2c7b0429c649f",
            "assign_ipv6_address_on_creation": false,
            "availability_zone": "us-east-1a",
            "availability_zone_id": "use1-az1",
            "cidr_block": "10.0.4.0/24",
            "customer_owned_ipv4_pool": "",
            "enable_dns64": false,
            "enable_lni_at_device_index": 0,
            "enable_resource_name_dns_a_record_on_launch": false,
            "enable_resource_name_dns_aaaa_record_on_launch": false,
            "id": "subnet-029b2c7b0429c649f",
            "ipv6_cidr_block": "",
            "ipv6_cidr_block_association_id": "",
            "ipv6_native": false,
            "map_customer_owned_ip_on_launch": false,
            "map_public_ip_on_launch": false,
            "outpost_arn": "",
            "owner_id": "894361994133",
            "private_dns_hostname_type_on_launch": "ip-name",
            "tags": {
              "Name": "my-subnet-private-us-east-1a"
            },
            "tags_all": {
              "Name": "my-subnet-private-us-east-1a"
            },
            "timeouts": null,
            "vpc_id": "vpc-02ef6a8d61df65d34"
          },
          "sensitive_attributes": [],
          "private": "eyJlMmJmYjczMC1lY2FhLTExZTYtOGY4OC0zNDM2M2JjN2M0YzAiOnsiY3JlYXRlIjo2MDAwMDAwMDAwMDAsImRlbGV0ZSI6MTIwMDAwMDAwMDAwMH0sInNjaGVtYV92ZXJzaW9uIjoiMSJ9",
          "dependencies": [
            "aws_vpc.main",
            "data.aws_availability_zones.available"
          ]
        },
        {
          "index_key": 1,
          "schema_version": 1,
          "attributes": {
            "arn": "arn:aws:ec2:us-east-1:894361994133:subnet/subnet-0de311b2c771796c8",
            "assign_ipv6_address_on_creation": false,
            "availability_zone": "us-east-1b",
            "availability_zone_id": "use1-az2",
            "cidr_block": "10.0.5.0/24",
            "customer_owned_ipv4_pool": "",
            "enable_dns64": false,
            "enable_lni_at_device_index": 0,
            "enable_resource_name_dns_a_record_on_launch": false,
            "enable_resource_name_dns_aaaa_record_on_launch": false,
            "id": "subnet-0de311b2c771796c8",
            "ipv6_cidr_block": "",
            "ipv6_cidr_block_association_id": "",
            "ipv6_native": false,
            "map_customer_owned_ip_on_launch": false,
            "map_public_ip_on_launch": false,
            "outpost_arn": "",
            "owner_id": "894361994133",
            "private_dns_hostname_type_on_launch": "ip-name",
            "tags": {
              "Name": "my-subnet-private-us-east-1b"
            },
            "tags_all": {
              "Name": "my-subnet-private-us-east-1b"
            },
            "timeouts": null,
            "vpc_id": "vpc-02ef6a8d61df65d34"
          },
          "sensitive_attributes": [],
          "private": "eyJlMmJmYjczMC1lY2FhLTExZTYtOGY4OC0zNDM2M2JjN2M0YzAiOnsiY3JlYXRlIjo2MDAwMDAwMDAwMDAsImRlbGV0ZSI6MTIwMDAwMDAwMDAwMH0sInNjaGVtYV92ZXJzaW9uIjoiMSJ9",
          "dependencies": [
            "aws_vpc.main",
            "data.aws_availability_zones.available"
          ]
        },
        {
          "index_key": 2,
          "schema_version": 1,
          "attributes": {
            "arn": "arn:aws:ec2:us-east-1:894361994133:subnet/subnet-058ebf090376e15cb",
            "assign_ipv6_address_on_creation": false,
            "availability_zone": "us-east-1c",
            "availability_zone_id": "use1-az4",
            "cidr_block": "10.0.6.0/24",
            "customer_owned_ipv4_pool": "",
            "enable_dns64": false,
            "enable_lni_at_device_index": 0,
            "enable_resource_name_dns_a_record_on_launch": false,
            "enable_resource_name_dns_aaaa_record_on_launch": false,
            "id": "subnet-058ebf090376e15cb",
            "ipv6_cidr_block": "",
            "ipv6_cidr_block_association_id": "",
            "ipv6_native": false,
            "map_customer_owned_ip_on_launch": false,
            "map_public_ip_on_launch": false,
            "outpost_arn": "",
            "owner_id": "894361994133",
            "private_dns_hostname_type_on_launch": "ip-name",
            "tags": {
              "Name": "my-subnet-private-us-east-1c"
            },
            "tags_all": {
              "Name": "my-subnet-private-us-east-1c"
            },
            "timeouts": null,
            "vpc_id": "vpc-02ef6a8d61df65d34"
          },
          "sensitive_attributes": [],
          "private": "eyJlMmJmYjczMC1lY2FhLTExZTYtOGY4OC0zNDM2M2JjN2M0YzAiOnsiY3JlYXRlIjo2MDAwMDAwMDAwMDAsImRlbGV0ZSI6MTIwMDAwMDAwMDAwMH0sInNjaGVtYV92ZXJzaW9uIjoiMSJ9",
          "dependencies": [
            "aws_vpc.main",
            "data.aws_availability_zones.available"
          ]
        }
      ]
    },
    {
      "mode": "managed",
      "type": "aws_subnet",
      "name": "public_subnet",
      "provider": "provider[\"registry.terraform.io/hashicorp/aws\"]",
      "instances": [
        {
          "index_key": 0,
          "schema_version": 1,
          "attributes": {
            "arn": "arn:aws:ec2:us-east-1:894361994133:subnet/subnet-0da8562923a0cb91e",
            "assign_ipv6_address_on_creation": false,
            "availability_zone": "us-east-1a",
            "availability_zone_id": "use1-az1",
            "cidr_block": "10.0.1.0/24",
            "customer_owned_ipv4_pool": "",
            "enable_dns64": false,
            "enable_lni_at_device_index": 0,
            "enable_resource_name_dns_a_record_on_launch": false,
            "enable_resource_name_dns_aaaa_record_on_launch": false,
            "id": "subnet-0da8562923a0cb91e",
            "ipv6_cidr_block": "",
            "ipv6_cidr_block_association_id": "",
            "ipv6_native": false,
            "map_customer_owned_ip_on_launch": false,
            "map_public_ip_on_launch": true,
            "outpost_arn": "",
            "owner_id": "894361994133",
            "private_dns_hostname_type_on_launch": "ip-name",
            "tags": {
              "Name": "my-subnet-public-us-east-1a"
            },
            "tags_all": {
              "Name": "my-subnet-public-us-east-1a"
            },
            "timeouts": null,
            "vpc_id": "vpc-02ef6a8d61df65d34"
          },
          "sensitive_attributes": [],
          "private": "eyJlMmJmYjczMC1lY2FhLTExZTYtOGY4OC0zNDM2M2JjN2M0YzAiOnsiY3JlYXRlIjo2MDAwMDAwMDAwMDAsImRlbGV0ZSI6MTIwMDAwMDAwMDAwMH0sInNjaGVtYV92ZXJzaW9uIjoiMSJ9",
          "dependencies": [
            "aws_vpc.main",
            "data.aws_availability_zones.available"
          ]
        },
        {
          "index_key": 1,
          "schema_version": 1,
          "attributes": {
            "arn": "arn:aws:ec2:us-east-1:894361994133:subnet/subnet-088f2ec3d7ef444e9",
            "assign_ipv6_address_on_creation": false,
            "availability_zone": "us-east-1b",
            "availability_zone_id": "use1-az2",
            "cidr_block": "10.0.2.0/24",
            "customer_owned_ipv4_pool": "",
            "enable_dns64": false,
            "enable_lni_at_device_index": 0,
            "enable_resource_name_dns_a_record_on_launch": false,
            "enable_resource_name_dns_aaaa_record_on_launch": false,
            "id": "subnet-088f2ec3d7ef444e9",
            "ipv6_cidr_block": "",
            "ipv6_cidr_block_association_id": "",
            "ipv6_native": false,
            "map_customer_owned_ip_on_launch": false,
            "map_public_ip_on_launch": true,
            "outpost_arn": "",
            "owner_id": "894361994133",
            "private_dns_hostname_type_on_launch": "ip-name",
            "tags": {
              "Name": "my-subnet-public-us-east-1b"
            },
            "tags_all": {
              "Name": "my-subnet-public-us-east-1b"
            },
            "timeouts": null,
            "vpc_id": "vpc-02ef6a8d61df65d34"
          },
          "sensitive_attributes": [],
          "private": "eyJlMmJmYjczMC1lY2FhLTExZTYtOGY4OC0zNDM2M2JjN2M0YzAiOnsiY3JlYXRlIjo2MDAwMDAwMDAwMDAsImRlbGV0ZSI6MTIwMDAwMDAwMDAwMH0sInNjaGVtYV92ZXJzaW9uIjoiMSJ9",
          "dependencies": [
            "aws_vpc.main",
            "data.aws_availability_zones.available"
          ]
        },
        {
          "index_key": 2,
          "schema_version": 1,
          "attributes": {
            "arn": "arn:aws:ec2:us-east-1:894361994133:subnet/subnet-06dbff427caf980b4",
            "assign_ipv6_address_on_creation": false,
            "availability_zone": "us-east-1c",
            "availability_zone_id": "use1-az4",
            "cidr_block": "10.0.3.0/24",
            "customer_owned_ipv4_pool": "",
            "enable_dns64": false,
            "enable_lni_at_device_index": 0,
            "enable_resource_name_dns_a_record_on_launch": false,
            "enable_resource_name_dns_aaaa_record_on_launch": false,
            "id": "subnet-06dbff427caf980b4",
            "ipv6_cidr_block": "",
            "ipv6_cidr_block_association_id": "",
            "ipv6_native": false,
            "map_customer_owned_ip_on_launch": false,
            "map_public_ip_on_launch": true,
            "outpost_arn": "",
            "owner_id": "894361994133",
            "private_dns_hostname_type_on_launch": "ip-name",
            "tags": {
              "Name": "my-subnet-public-us-east-1c"
            },
            "tags_all": {
              "Name": "my-subnet-public-us-east-1c"
            },
            "timeouts": null,
            "vpc_id": "vpc-02ef6a8d61df65d34"
          },
          "sensitive_attributes": [],
          "private": "eyJlMmJmYjczMC1lY2FhLTExZTYtOGY4OC0zNDM2M2JjN2M0YzAiOnsiY3JlYXRlIjo2MDAwMDAwMDAwMDAsImRlbGV0ZSI6MTIwMDAwMDAwMDAwMH0sInNjaGVtYV92ZXJzaW9uIjoiMSJ9",
          "dependencies": [
            "aws_vpc.main",
            "data.aws_availability_zones.available"
          ]
        }
      ]
    },
    {
      "mode": "managed",
      "type": "aws_vpc",
      "name": "main",
      "provider": "provider[\"registry.terraform.io/hashicorp/aws\"]",
      "instances": [
        {
          "schema_version": 1,
          "attributes": {
            "arn": "arn:aws:ec2:us-east-1:894361994133:vpc/vpc-02ef6a8d61df65d34",
            "assign_generated_ipv6_cidr_block": false,
            "cidr_block": "10.0.0.0/16",
            "default_network_acl_id": "acl-044b2d3ef1c00a263",
            "default_route_table_id": "rtb-0b8884190775be98c",
            "default_security_group_id": "sg-0934acfee7bda411f",
            "dhcp_options_id": "dopt-023b7e1f96961eb6c",
            "enable_dns_hostnames": false,
            "enable_dns_support": true,
            "enable_network_address_usage_metrics": false,
            "id": "vpc-02ef6a8d61df65d34",
            "instance_tenancy": "default",
            "ipv4_ipam_pool_id": null,
            "ipv4_netmask_length": null,
            "ipv6_association_id": "",
            "ipv6_cidr_block": "",
            "ipv6_cidr_block_network_border_group": "",
            "ipv6_ipam_pool_id": "",
            "ipv6_netmask_length": 0,
            "main_route_table_id": "rtb-0b8884190775be98c",
            "owner_id": "894361994133",
            "tags": {
              "Name": "my-vpc"
            },
            "tags_all": {
              "Name": "my-vpc"
            }
          },
          "sensitive_attributes": [],
          "private": "eyJzY2hlbWFfdmVyc2lvbiI6IjEifQ=="
        }
      ]
    },
    {
      "mode": "managed",
      "type": "local_file",
      "name": "private_key",
      "provider": "provider[\"registry.terraform.io/hashicorp/local\"]",
      "instances": [
        {
          "schema_version": 0,
          "attributes": {
            "content": "-----BEGIN RSA PRIVATE KEY-----\nMIIJKgIBAAKCAgEAlV2AjhRPJWkzyV1vtA0x41wOrvm4qa3qrfTyBuX2HD7zF9Vf\nZzN8sIuDv3RK136osMiwsyfsmF0vlUH44euyTS9VeOtKL6ylxzags/lPUuSdgiNj\nr4u9Y+xg853qIusxEX9E8WFyNJJ3T0IDbd/Evukcqiu4H2Xi4kj9LfPyEevcIOV8\naEk7F42TqUOc8OPbMtDRjdD78HDJLd8wMWlGkNFakdvoaQllRSPt0RCUGgkWRTlM\nF0oyW50aqCLAj6J25U43FXuSQEcMGMOE7CQpgmHGX0pL7eb9RTtruX//uG9Rse05\nwtHzkDsa3YkMNuQEt18eSwxk52q/VGLnJmU8ZBSY4Kr8h9zoZAr7btYaXp8bZQle\n+KTf0RUEPg62/KcIvMLvNMOE3FX3yGmC67W8W0RWRu4lIUfqgVnqg8UP3sK68DfI\n1f18jzLQVje98/9YVAu0yHl2u9Vo4XfR6He/+eyNiOvg8YHtIqzFAyhZmJkhaPvI\n3U7c7rBkWt/LCcAJ2JDDmL+GCUvXrhdoZdrUalNTJWv+8tsr3JMl2HAy2vP8eDkQ\nyDUwbLJHti+lJ3SJrI4Tl7pFhd2un35uyzLiGIs5ViTALPYi2VqcX2BBzENP4HUT\nnR2Py4Jm3xNyHtKqIepmDCdevaV9aRFm59YE8QPX1sFFhUIUoRkyl6d531ECAwEA\nAQKCAgEAh7vkqzjBg9nKed8zN4gWIeryXQgKTAgED/lcR/CKari56Jq6i+o6EaV3\nIHDp4lLzsVNvYB+T3hIwv46oQYYTDhlJrw0C6bgXHqYB/As/jrC6ghzu5gQzI68X\nm8uRjhH1EVV6rXBEfIntalUvEJYdEPB+YBZCyCWqvMBfc3cQMEEKVcq193809/5s\nhZEv+ajW9aLWC+4yRRn5eHouLXjh65CUoaAZ3/nt0ZsI7sgGDnLbjiS3hSKkCKUI\nKGsMWnrlWRRu8lLNYSQvVgG3tXBXWGjKAKZfwd37owKQro4nMM/YibxulSB+Gj/b\n9h4ov2kO8CS8Pq8Qs0xKesE2FapB6b11rY2/pWg+rDNYYD529rC1aJoQgPXH2rWL\nocVWxDhff2qbSKtUPVX8A5CQaT7GOOr0CySQmDO9cCZBO240OmW/xLjs5yx7Jezk\nkQYg0ZQuDjsGAD5b0zrVQN7qfYXX38XibCRMQh/cUDqwE3XeNO84A2bSqWBOfldk\nsO6vEYwnitPeiSwKN2TQDU8T//X/oM02R/+7Ah2Nv3CjvICT+wQ0Sz2gjUcSpMeR\n23U1aODUDHIw3iZwvHGJPtUBRef+Tzm3bbuCLMMMFXKRDIo9w3u7c5iOF1f7b6Pr\nSXVR34IBXYKNsI3JFHf9wbZJC6Opg7xiuM9tEdBinOPwmRwcucECggEBAMJ/Udi9\n0V6mFI8BGuCay1s4TVd7rY3H5IzKo/vMN5Ejb5l4783ttZvbAs+BiveMSsWwAopM\nQUAW7jHo/kBMV6sD8u2jOwL6Xw4Tw6qt2LSzq52Y1RWFls67WkUFoIAUdFktfsvf\ns9Br+x5TecgiIB8DHVVGJtgAFIRtORbBnM7KgHzX8AfTgFTvF73ruOhGrmHdqepj\ngRaUXSjHaLVfYgRUsfZYzGmZdFWMlhSwYZnqZc2dQjp2aydDaeC7EUHLsnb8Du70\n/TwOv6vUV2D7WClavph8YZRVHYegWJZHqlugO0dfyGGucH4OpX2cUwyt9VAutUaO\nZw8nEGqbnETTKzUCggEBAMSYtgacyMm5A+iOCuPPKS4i6SLUcSXO1KBoIaksGZjl\nsqGeWfnrXTjcKvCg3Fp3JTVUnxo5WMgq5zON5wt6vkszg6PJ9iJ5cXaEbRdUDuP2\neS036UL7IKFVvMG3Z+Ula2qMIhlMKV6i+Xsmj93lnZewEkMe+FatILXQIoKX6RGI\nbCmuoifWsjvo+UCrq68I82g4nF9Tq0vbVzBPAjQKfqBk+oEvXZQfXrmnFN1P8XK3\nJznLQNFmGyH1mgBlBG/+qEaFJqqpOjFU77fdwEAEfYRo2aFMhoblZkQ/6IsLUC+2\n8UNTn7o7AxhlSGZnnzzB6ifl5/TesWgokbPhDH2ACy0CggEBAJBYaWfPyBjUbSGM\nkmPqvc1fRZcNhMpadbY/leADuaGPiP1/kYllR4j5y2YxH++EQOHiNKBq42orGnAU\nGM2jWtTiw2G16M/W/MC3zllXWCMTzOPTTyD/2eJnjSD4ghtMEuU0LIwl449k9COX\nlCQBn5EkgJqOy7k2pgN6BAptenDGPQFqSQul3fIq15Xt4XcRLc4X8kivvFgDl/fx\ntjYVKetI6CKJ2HruljX/dkq4dFcEbLViZop45CFpmKRecPpBsJs5ieOyElaGI53k\no0yofM+ENzt34/twB9BmIhi16yrBCf14ioBkM7x6JjvIzqH0YME3SPWqLbZDKZ3V\nCu7RQZkCggEBAKRJ9bt64/RnT5PUt9b+NKygcfEwVUnCGT/fJVoJR27VbTzQZuKK\nRMISgzPJSbuz231AtSCmEcJc0A7uI8kdDs8rQnPqf2z5zc68Bao8DaGFRGh8U8ss\nr20DiBTeXs1IQwasCobXda7nRNMcO5e0nci4U9qRk/hi/3XQdDZsGlITjkga7tmZ\n+iJEo57elz9TnI1Y2Zx0AC8JIkh1jiLNLlp9aDXyziHNQUymCrKTbvNtiTMr3oPe\n7wenBcYUpOuuhRNBjDmL59x33Ufq4RDeb8HqGQxJNhaet6KLQZqInr7xA5c+17k6\nPXDymtkw+Qo+Bp7G6ttgCiM/29rVU6nBChUCggEANDYWKXDNP9RN1QkyVem9YfBa\nv7Rk5ud+wB9M1EIWBM/DVrIA8qq2ii4AqNOxAVwErsWTHe6G8UJvjF5Z1mBOC8oF\nm5DPHpdWkktwYtRI/AhbAfbCExZaG3EaRp38V+gg+SA8+OseLqmPkf1akXmNQpK0\nyRoXwRPPj5Zz2Qugxqmcp4vOihu9YrEPlU96aJgVTQphjiIdUxWX2dwPkJiuD3gG\nXblMVRDZuz7Jno0UEmtXFpAOuEn4n89ze4D+PIjDIUa5zbCI1hUjDD5QsHhyX8+a\nF+7+YhC9TJpXuXLtjdhT2LRx7tHmZv6mflMC14NGVrnn/xIFz+V1nOgQCwAB3Q==\n-----END RSA PRIVATE KEY-----\n",
            "content_base64": null,
            "content_base64sha256": "IcwGHc1FMotv4wU6lSC+iKRfNMhUblvPYQ7t5UzN5/8=",
            "content_base64sha512": "iEp5k8GByFlNYf4XQnCk66FJpRmxZfsKCHWmV0F9fhPpVKodLsBpqnA12P9QYXkSR1ordLnrgCQaVQdwOZq4tQ==",
            "content_md5": "144082534ca71f3379858bea9229c5df",
            "content_sha1": "65e810ffc22495509e0509cd84fa4f6060c896a0",
            "content_sha256": "21cc061dcd45328b6fe3053a9520be88a45f34c8546e5bcf610eede54ccde7ff",
            "content_sha512": "884a7993c181c8594d61fe174270a4eba149a519b165fb0a0875a657417d7e13e954aa1d2ec069aa7035d8ff50617912475a2b74b9eb80241a550770399ab8b5",
            "directory_permission": "0777",
            "file_permission": "0777",
            "filename": "ubuntu-key.pem",
            "id": "65e810ffc22495509e0509cd84fa4f6060c896a0",
            "sensitive_content": null,
            "source": null
          },
          "sensitive_attributes": [
            [
              {
                "type": "get_attr",
                "value": "sensitive_content"
              }
            ],
            [
              {
                "type": "get_attr",
                "value": "content"
              }
            ]
          ],
          "dependencies": [
            "tls_private_key.ssh_key"
          ]
        }
      ]
    },
    {
      "mode": "managed",
      "type": "tls_private_key",
      "name": "ssh_key",
      "provider": "provider[\"registry.terraform.io/hashicorp/tls\"]",
      "instances": [
        {
          "schema_version": 1,
          "attributes": {
            "algorithm": "RSA",
            "ecdsa_curve": "P224",
            "id": "7f0587e2a2e7a5cc793127d3c7e1c3caa00354f6",
            "private_key_openssh": "-----BEGIN OPENSSH PRIVATE KEY-----\nb3BlbnNzaC1rZXktdjEAAAAABG5vbmUAAAAEbm9uZQAAAAAAAAABAAACFwAAAAdz\nc2gtcnNhAAAAAwEAAQAAAgEAlV2AjhRPJWkzyV1vtA0x41wOrvm4qa3qrfTyBuX2\nHD7zF9VfZzN8sIuDv3RK136osMiwsyfsmF0vlUH44euyTS9VeOtKL6ylxzags/lP\nUuSdgiNjr4u9Y+xg853qIusxEX9E8WFyNJJ3T0IDbd/Evukcqiu4H2Xi4kj9LfPy\nEevcIOV8aEk7F42TqUOc8OPbMtDRjdD78HDJLd8wMWlGkNFakdvoaQllRSPt0RCU\nGgkWRTlMF0oyW50aqCLAj6J25U43FXuSQEcMGMOE7CQpgmHGX0pL7eb9RTtruX//\nuG9Rse05wtHzkDsa3YkMNuQEt18eSwxk52q/VGLnJmU8ZBSY4Kr8h9zoZAr7btYa\nXp8bZQle+KTf0RUEPg62/KcIvMLvNMOE3FX3yGmC67W8W0RWRu4lIUfqgVnqg8UP\n3sK68DfI1f18jzLQVje98/9YVAu0yHl2u9Vo4XfR6He/+eyNiOvg8YHtIqzFAyhZ\nmJkhaPvI3U7c7rBkWt/LCcAJ2JDDmL+GCUvXrhdoZdrUalNTJWv+8tsr3JMl2HAy\n2vP8eDkQyDUwbLJHti+lJ3SJrI4Tl7pFhd2un35uyzLiGIs5ViTALPYi2VqcX2BB\nzENP4HUTnR2Py4Jm3xNyHtKqIepmDCdevaV9aRFm59YE8QPX1sFFhUIUoRkyl6d5\n31EAAAc4GA729RgO9vUAAAAHc3NoLXJzYQAAAgEAlV2AjhRPJWkzyV1vtA0x41wO\nrvm4qa3qrfTyBuX2HD7zF9VfZzN8sIuDv3RK136osMiwsyfsmF0vlUH44euyTS9V\neOtKL6ylxzags/lPUuSdgiNjr4u9Y+xg853qIusxEX9E8WFyNJJ3T0IDbd/Evukc\nqiu4H2Xi4kj9LfPyEevcIOV8aEk7F42TqUOc8OPbMtDRjdD78HDJLd8wMWlGkNFa\nkdvoaQllRSPt0RCUGgkWRTlMF0oyW50aqCLAj6J25U43FXuSQEcMGMOE7CQpgmHG\nX0pL7eb9RTtruX//uG9Rse05wtHzkDsa3YkMNuQEt18eSwxk52q/VGLnJmU8ZBSY\n4Kr8h9zoZAr7btYaXp8bZQle+KTf0RUEPg62/KcIvMLvNMOE3FX3yGmC67W8W0RW\nRu4lIUfqgVnqg8UP3sK68DfI1f18jzLQVje98/9YVAu0yHl2u9Vo4XfR6He/+eyN\niOvg8YHtIqzFAyhZmJkhaPvI3U7c7rBkWt/LCcAJ2JDDmL+GCUvXrhdoZdrUalNT\nJWv+8tsr3JMl2HAy2vP8eDkQyDUwbLJHti+lJ3SJrI4Tl7pFhd2un35uyzLiGIs5\nViTALPYi2VqcX2BBzENP4HUTnR2Py4Jm3xNyHtKqIepmDCdevaV9aRFm59YE8QPX\n1sFFhUIUoRkyl6d531EAAAADAQABAAACAQCHu+SrOMGD2cp53zM3iBYh6vJdCApM\nCAQP+VxH8IpquLnomrqL6joRpXcgcOniUvOxU29gH5PeEjC/jqhBhhMOGUmvDQLp\nuBcepgH8Cz+OsLqCHO7mBDMjrxeby5GOEfURVXqtcER8ie1qVS8Qlh0Q8H5gFkLI\nJaq8wF9zdxAwQQpVyrX3fzT3/myFkS/5qNb1otYL7jJFGfl4ei4teOHrkJShoBnf\n+e3RmwjuyAYOctuOJLeFIqQIpQgoawxaeuVZFG7yUs1hJC9WAbe1cFdYaMoApl/B\n3fujApCujicwz9iJvG6VIH4aP9v2Hii/aQ7wJLw+rxCzTEp6wTYVqkHpvXWtjb+l\naD6sM1hgPnb2sLVomhCA9cfatYuhxVbEOF9/aptIq1Q9VfwDkJBpPsY46vQLJJCY\nM71wJkE7bjQ6Zb/EuOznLHsl7OSRBiDRlC4OOwYAPlvTOtVA3up9hdffxeJsJExC\nH9xQOrATdd407zgDZtKpYE5+V2Sw7q8RjCeK096JLAo3ZNANTxP/9f+gzTZH/7sC\nHY2/cKO8gJP7BDRLPaCNRxKkx5HbdTVo4NQMcjDeJnC8cYk+1QFF5/5PObdtu4Is\nwwwVcpEMij3De7tzmI4XV/tvo+tJdVHfggFdgo2wjckUd/3BtkkLo6mDvGK4z20R\n0GKc4/CZHBy5wQAAAQA0NhYpcM0/1E3VCTJV6b1h8Fq/tGTm537AH0zUQhYEz8NW\nsgDyqraKLgCo07EBXASuxZMd7obxQm+MXlnWYE4LygWbkM8el1aSS3Bi1Ej8CFsB\n9sITFlobcRpGnfxX6CD5IDz46x4uqY+R/VqReY1CkrTJGhfBE8+PlnPZC6DGqZyn\ni86KG71isQ+VT3pomBVNCmGOIh1TFZfZ3A+QmK4PeAZduUxVENm7PsmejRQSa1cW\nkA64Sfifz3N7gP48iMMhRrnNsIjWFSMMPlCweHJfz5oX7v5iEL1Mmle5cu2N2FPY\ntHHu0eZm/qZ+UwLXg0ZWuef/EgXP5XWc6BALAAHdAAABAQDCf1HYvdFephSPARrg\nmstbOE1Xe62Nx+SMyqP7zDeRI2+ZeO/N7bWb2wLPgYr3jErFsAKKTEFAFu4x6P5A\nTFerA/LtozsC+l8OE8Oqrdi0s6udmNUVhZbOu1pFBaCAFHRZLX7L37PQa/seU3nI\nIiAfAx1VRibYABSEbTkWwZzOyoB81/AH04BU7xe967joRq5h3anqY4EWlF0ox2i1\nX2IEVLH2WMxpmXRVjJYUsGGZ6mXNnUI6dmsnQ2nguxFBy7J2/A7u9P08Dr+r1Fdg\n+1gpWr6YfGGUVR2HoFiWR6pboDtHX8hhrnB+DqV9nFMMrfVQLrVGjmcPJxBqm5xE\n0ys1AAABAQDEmLYGnMjJuQPojgrjzykuIuki1HElztSgaCGpLBmY5bKhnln56104\n3CrwoNxadyU1VJ8aOVjIKuczjecLer5LM4OjyfYieXF2hG0XVA7j9nktN+lC+yCh\nVbzBt2flJWtqjCIZTCleovl7Jo/d5Z2XsBJDHvhWrSC10CKCl+kRiGwprqIn1rI7\n6PlAq6uvCPNoOJxfU6tL21cwTwI0Cn6gZPqBL12UH165pxTdT/Fytyc5y0DRZhsh\n9ZoAZQRv/qhGhSaqqToxVO+33cBABH2EaNmhTIaG5WZEP+iLC1AvtvFDU5+6OwMY\nZUhmZ588weon5ef03rFoKJGz4Qx9gAstAAAAAAEC\n-----END OPENSSH PRIVATE KEY-----\n",
            "private_key_pem": "-----BEGIN RSA PRIVATE KEY-----\nMIIJKgIBAAKCAgEAlV2AjhRPJWkzyV1vtA0x41wOrvm4qa3qrfTyBuX2HD7zF9Vf\nZzN8sIuDv3RK136osMiwsyfsmF0vlUH44euyTS9VeOtKL6ylxzags/lPUuSdgiNj\nr4u9Y+xg853qIusxEX9E8WFyNJJ3T0IDbd/Evukcqiu4H2Xi4kj9LfPyEevcIOV8\naEk7F42TqUOc8OPbMtDRjdD78HDJLd8wMWlGkNFakdvoaQllRSPt0RCUGgkWRTlM\nF0oyW50aqCLAj6J25U43FXuSQEcMGMOE7CQpgmHGX0pL7eb9RTtruX//uG9Rse05\nwtHzkDsa3YkMNuQEt18eSwxk52q/VGLnJmU8ZBSY4Kr8h9zoZAr7btYaXp8bZQle\n+KTf0RUEPg62/KcIvMLvNMOE3FX3yGmC67W8W0RWRu4lIUfqgVnqg8UP3sK68DfI\n1f18jzLQVje98/9YVAu0yHl2u9Vo4XfR6He/+eyNiOvg8YHtIqzFAyhZmJkhaPvI\n3U7c7rBkWt/LCcAJ2JDDmL+GCUvXrhdoZdrUalNTJWv+8tsr3JMl2HAy2vP8eDkQ\nyDUwbLJHti+lJ3SJrI4Tl7pFhd2un35uyzLiGIs5ViTALPYi2VqcX2BBzENP4HUT\nnR2Py4Jm3xNyHtKqIepmDCdevaV9aRFm59YE8QPX1sFFhUIUoRkyl6d531ECAwEA\nAQKCAgEAh7vkqzjBg9nKed8zN4gWIeryXQgKTAgED/lcR/CKari56Jq6i+o6EaV3\nIHDp4lLzsVNvYB+T3hIwv46oQYYTDhlJrw0C6bgXHqYB/As/jrC6ghzu5gQzI68X\nm8uRjhH1EVV6rXBEfIntalUvEJYdEPB+YBZCyCWqvMBfc3cQMEEKVcq193809/5s\nhZEv+ajW9aLWC+4yRRn5eHouLXjh65CUoaAZ3/nt0ZsI7sgGDnLbjiS3hSKkCKUI\nKGsMWnrlWRRu8lLNYSQvVgG3tXBXWGjKAKZfwd37owKQro4nMM/YibxulSB+Gj/b\n9h4ov2kO8CS8Pq8Qs0xKesE2FapB6b11rY2/pWg+rDNYYD529rC1aJoQgPXH2rWL\nocVWxDhff2qbSKtUPVX8A5CQaT7GOOr0CySQmDO9cCZBO240OmW/xLjs5yx7Jezk\nkQYg0ZQuDjsGAD5b0zrVQN7qfYXX38XibCRMQh/cUDqwE3XeNO84A2bSqWBOfldk\nsO6vEYwnitPeiSwKN2TQDU8T//X/oM02R/+7Ah2Nv3CjvICT+wQ0Sz2gjUcSpMeR\n23U1aODUDHIw3iZwvHGJPtUBRef+Tzm3bbuCLMMMFXKRDIo9w3u7c5iOF1f7b6Pr\nSXVR34IBXYKNsI3JFHf9wbZJC6Opg7xiuM9tEdBinOPwmRwcucECggEBAMJ/Udi9\n0V6mFI8BGuCay1s4TVd7rY3H5IzKo/vMN5Ejb5l4783ttZvbAs+BiveMSsWwAopM\nQUAW7jHo/kBMV6sD8u2jOwL6Xw4Tw6qt2LSzq52Y1RWFls67WkUFoIAUdFktfsvf\ns9Br+x5TecgiIB8DHVVGJtgAFIRtORbBnM7KgHzX8AfTgFTvF73ruOhGrmHdqepj\ngRaUXSjHaLVfYgRUsfZYzGmZdFWMlhSwYZnqZc2dQjp2aydDaeC7EUHLsnb8Du70\n/TwOv6vUV2D7WClavph8YZRVHYegWJZHqlugO0dfyGGucH4OpX2cUwyt9VAutUaO\nZw8nEGqbnETTKzUCggEBAMSYtgacyMm5A+iOCuPPKS4i6SLUcSXO1KBoIaksGZjl\nsqGeWfnrXTjcKvCg3Fp3JTVUnxo5WMgq5zON5wt6vkszg6PJ9iJ5cXaEbRdUDuP2\neS036UL7IKFVvMG3Z+Ula2qMIhlMKV6i+Xsmj93lnZewEkMe+FatILXQIoKX6RGI\nbCmuoifWsjvo+UCrq68I82g4nF9Tq0vbVzBPAjQKfqBk+oEvXZQfXrmnFN1P8XK3\nJznLQNFmGyH1mgBlBG/+qEaFJqqpOjFU77fdwEAEfYRo2aFMhoblZkQ/6IsLUC+2\n8UNTn7o7AxhlSGZnnzzB6ifl5/TesWgokbPhDH2ACy0CggEBAJBYaWfPyBjUbSGM\nkmPqvc1fRZcNhMpadbY/leADuaGPiP1/kYllR4j5y2YxH++EQOHiNKBq42orGnAU\nGM2jWtTiw2G16M/W/MC3zllXWCMTzOPTTyD/2eJnjSD4ghtMEuU0LIwl449k9COX\nlCQBn5EkgJqOy7k2pgN6BAptenDGPQFqSQul3fIq15Xt4XcRLc4X8kivvFgDl/fx\ntjYVKetI6CKJ2HruljX/dkq4dFcEbLViZop45CFpmKRecPpBsJs5ieOyElaGI53k\no0yofM+ENzt34/twB9BmIhi16yrBCf14ioBkM7x6JjvIzqH0YME3SPWqLbZDKZ3V\nCu7RQZkCggEBAKRJ9bt64/RnT5PUt9b+NKygcfEwVUnCGT/fJVoJR27VbTzQZuKK\nRMISgzPJSbuz231AtSCmEcJc0A7uI8kdDs8rQnPqf2z5zc68Bao8DaGFRGh8U8ss\nr20DiBTeXs1IQwasCobXda7nRNMcO5e0nci4U9qRk/hi/3XQdDZsGlITjkga7tmZ\n+iJEo57elz9TnI1Y2Zx0AC8JIkh1jiLNLlp9aDXyziHNQUymCrKTbvNtiTMr3oPe\n7wenBcYUpOuuhRNBjDmL59x33Ufq4RDeb8HqGQxJNhaet6KLQZqInr7xA5c+17k6\nPXDymtkw+Qo+Bp7G6ttgCiM/29rVU6nBChUCggEANDYWKXDNP9RN1QkyVem9YfBa\nv7Rk5ud+wB9M1EIWBM/DVrIA8qq2ii4AqNOxAVwErsWTHe6G8UJvjF5Z1mBOC8oF\nm5DPHpdWkktwYtRI/AhbAfbCExZaG3EaRp38V+gg+SA8+OseLqmPkf1akXmNQpK0\nyRoXwRPPj5Zz2Qugxqmcp4vOihu9YrEPlU96aJgVTQphjiIdUxWX2dwPkJiuD3gG\nXblMVRDZuz7Jno0UEmtXFpAOuEn4n89ze4D+PIjDIUa5zbCI1hUjDD5QsHhyX8+a\nF+7+YhC9TJpXuXLtjdhT2LRx7tHmZv6mflMC14NGVrnn/xIFz+V1nOgQCwAB3Q==\n-----END RSA PRIVATE KEY-----\n",
            "private_key_pem_pkcs8": "-----BEGIN PRIVATE KEY-----\nMIIJRAIBADANBgkqhkiG9w0BAQEFAASCCS4wggkqAgEAAoICAQCVXYCOFE8laTPJ\nXW+0DTHjXA6u+bipreqt9PIG5fYcPvMX1V9nM3ywi4O/dErXfqiwyLCzJ+yYXS+V\nQfjh67JNL1V460ovrKXHNqCz+U9S5J2CI2Ovi71j7GDzneoi6zERf0TxYXI0kndP\nQgNt38S+6RyqK7gfZeLiSP0t8/IR69wg5XxoSTsXjZOpQ5zw49sy0NGN0PvwcMkt\n3zAxaUaQ0VqR2+hpCWVFI+3REJQaCRZFOUwXSjJbnRqoIsCPonblTjcVe5JARwwY\nw4TsJCmCYcZfSkvt5v1FO2u5f/+4b1Gx7TnC0fOQOxrdiQw25AS3Xx5LDGTnar9U\nYucmZTxkFJjgqvyH3OhkCvtu1hpenxtlCV74pN/RFQQ+Drb8pwi8wu80w4TcVffI\naYLrtbxbRFZG7iUhR+qBWeqDxQ/ewrrwN8jV/XyPMtBWN73z/1hUC7TIeXa71Wjh\nd9Hod7/57I2I6+Dxge0irMUDKFmYmSFo+8jdTtzusGRa38sJwAnYkMOYv4YJS9eu\nF2hl2tRqU1Mla/7y2yvckyXYcDLa8/x4ORDINTBsske2L6UndImsjhOXukWF3a6f\nfm7LMuIYizlWJMAs9iLZWpxfYEHMQ0/gdROdHY/LgmbfE3Ie0qoh6mYMJ169pX1p\nEWbn1gTxA9fWwUWFQhShGTKXp3nfUQIDAQABAoICAQCHu+SrOMGD2cp53zM3iBYh\n6vJdCApMCAQP+VxH8IpquLnomrqL6joRpXcgcOniUvOxU29gH5PeEjC/jqhBhhMO\nGUmvDQLpuBcepgH8Cz+OsLqCHO7mBDMjrxeby5GOEfURVXqtcER8ie1qVS8Qlh0Q\n8H5gFkLIJaq8wF9zdxAwQQpVyrX3fzT3/myFkS/5qNb1otYL7jJFGfl4ei4teOHr\nkJShoBnf+e3RmwjuyAYOctuOJLeFIqQIpQgoawxaeuVZFG7yUs1hJC9WAbe1cFdY\naMoApl/B3fujApCujicwz9iJvG6VIH4aP9v2Hii/aQ7wJLw+rxCzTEp6wTYVqkHp\nvXWtjb+laD6sM1hgPnb2sLVomhCA9cfatYuhxVbEOF9/aptIq1Q9VfwDkJBpPsY4\n6vQLJJCYM71wJkE7bjQ6Zb/EuOznLHsl7OSRBiDRlC4OOwYAPlvTOtVA3up9hdff\nxeJsJExCH9xQOrATdd407zgDZtKpYE5+V2Sw7q8RjCeK096JLAo3ZNANTxP/9f+g\nzTZH/7sCHY2/cKO8gJP7BDRLPaCNRxKkx5HbdTVo4NQMcjDeJnC8cYk+1QFF5/5P\nObdtu4IswwwVcpEMij3De7tzmI4XV/tvo+tJdVHfggFdgo2wjckUd/3BtkkLo6mD\nvGK4z20R0GKc4/CZHBy5wQKCAQEAwn9R2L3RXqYUjwEa4JrLWzhNV3utjcfkjMqj\n+8w3kSNvmXjvze21m9sCz4GK94xKxbACikxBQBbuMej+QExXqwPy7aM7AvpfDhPD\nqq3YtLOrnZjVFYWWzrtaRQWggBR0WS1+y9+z0Gv7HlN5yCIgHwMdVUYm2AAUhG05\nFsGczsqAfNfwB9OAVO8Xveu46EauYd2p6mOBFpRdKMdotV9iBFSx9ljMaZl0VYyW\nFLBhmeplzZ1COnZrJ0Np4LsRQcuydvwO7vT9PA6/q9RXYPtYKVq+mHxhlFUdh6BY\nlkeqW6A7R1/IYa5wfg6lfZxTDK31UC61Ro5nDycQapucRNMrNQKCAQEAxJi2BpzI\nybkD6I4K488pLiLpItRxJc7UoGghqSwZmOWyoZ5Z+etdONwq8KDcWnclNVSfGjlY\nyCrnM43nC3q+SzODo8n2InlxdoRtF1QO4/Z5LTfpQvsgoVW8wbdn5SVraowiGUwp\nXqL5eyaP3eWdl7ASQx74Vq0gtdAigpfpEYhsKa6iJ9ayO+j5QKurrwjzaDicX1Or\nS9tXME8CNAp+oGT6gS9dlB9euacU3U/xcrcnOctA0WYbIfWaAGUEb/6oRoUmqqk6\nMVTvt93AQAR9hGjZoUyGhuVmRD/oiwtQL7bxQ1OfujsDGGVIZmefPMHqJ+Xn9N6x\naCiRs+EMfYALLQKCAQEAkFhpZ8/IGNRtIYySY+q9zV9Flw2Eylp1tj+V4AO5oY+I\n/X+RiWVHiPnLZjEf74RA4eI0oGrjaisacBQYzaNa1OLDYbXoz9b8wLfOWVdYIxPM\n49NPIP/Z4meNIPiCG0wS5TQsjCXjj2T0I5eUJAGfkSSAmo7LuTamA3oECm16cMY9\nAWpJC6Xd8irXle3hdxEtzhfySK+8WAOX9/G2NhUp60joIonYeu6WNf92Srh0VwRs\ntWJminjkIWmYpF5w+kGwmzmJ47ISVoYjneSjTKh8z4Q3O3fj+3AH0GYiGLXrKsEJ\n/XiKgGQzvHomO8jOofRgwTdI9aottkMpndUK7tFBmQKCAQEApEn1u3rj9GdPk9S3\n1v40rKBx8TBVScIZP98lWglHbtVtPNBm4opEwhKDM8lJu7PbfUC1IKYRwlzQDu4j\nyR0OzytCc+p/bPnNzrwFqjwNoYVEaHxTyyyvbQOIFN5ezUhDBqwKhtd1rudE0xw7\nl7SdyLhT2pGT+GL/ddB0NmwaUhOOSBru2Zn6IkSjnt6XP1OcjVjZnHQALwkiSHWO\nIs0uWn1oNfLOIc1BTKYKspNu822JMyveg97vB6cFxhSk666FE0GMOYvn3HfdR+rh\nEN5vweoZDEk2Fp63ootBmoievvEDlz7XuTo9cPKa2TD5Cj4Gnsbq22AKIz/b2tVT\nqcEKFQKCAQA0NhYpcM0/1E3VCTJV6b1h8Fq/tGTm537AH0zUQhYEz8NWsgDyqraK\nLgCo07EBXASuxZMd7obxQm+MXlnWYE4LygWbkM8el1aSS3Bi1Ej8CFsB9sITFlob\ncRpGnfxX6CD5IDz46x4uqY+R/VqReY1CkrTJGhfBE8+PlnPZC6DGqZyni86KG71i\nsQ+VT3pomBVNCmGOIh1TFZfZ3A+QmK4PeAZduUxVENm7PsmejRQSa1cWkA64Sfif\nz3N7gP48iMMhRrnNsIjWFSMMPlCweHJfz5oX7v5iEL1Mmle5cu2N2FPYtHHu0eZm\n/qZ+UwLXg0ZWuef/EgXP5XWc6BALAAHd\n-----END PRIVATE KEY-----\n",
            "public_key_fingerprint_md5": "48:a3:0f:b9:e7:51:00:5e:38:22:ea:67:68:77:cf:e3",
            "public_key_fingerprint_sha256": "SHA256:VfhzzoahsBntEH1yRZ8tCSYsOAXCizPgYnY9v/X9iyE",
            "public_key_openssh": "ssh-rsa AAAAB3NzaC1yc2EAAAADAQABAAACAQCVXYCOFE8laTPJXW+0DTHjXA6u+bipreqt9PIG5fYcPvMX1V9nM3ywi4O/dErXfqiwyLCzJ+yYXS+VQfjh67JNL1V460ovrKXHNqCz+U9S5J2CI2Ovi71j7GDzneoi6zERf0TxYXI0kndPQgNt38S+6RyqK7gfZeLiSP0t8/IR69wg5XxoSTsXjZOpQ5zw49sy0NGN0PvwcMkt3zAxaUaQ0VqR2+hpCWVFI+3REJQaCRZFOUwXSjJbnRqoIsCPonblTjcVe5JARwwYw4TsJCmCYcZfSkvt5v1FO2u5f/+4b1Gx7TnC0fOQOxrdiQw25AS3Xx5LDGTnar9UYucmZTxkFJjgqvyH3OhkCvtu1hpenxtlCV74pN/RFQQ+Drb8pwi8wu80w4TcVffIaYLrtbxbRFZG7iUhR+qBWeqDxQ/ewrrwN8jV/XyPMtBWN73z/1hUC7TIeXa71Wjhd9Hod7/57I2I6+Dxge0irMUDKFmYmSFo+8jdTtzusGRa38sJwAnYkMOYv4YJS9euF2hl2tRqU1Mla/7y2yvckyXYcDLa8/x4ORDINTBsske2L6UndImsjhOXukWF3a6ffm7LMuIYizlWJMAs9iLZWpxfYEHMQ0/gdROdHY/LgmbfE3Ie0qoh6mYMJ169pX1pEWbn1gTxA9fWwUWFQhShGTKXp3nfUQ==\n",
            "public_key_pem": "-----BEGIN PUBLIC KEY-----\nMIICIjANBgkqhkiG9w0BAQEFAAOCAg8AMIICCgKCAgEAlV2AjhRPJWkzyV1vtA0x\n41wOrvm4qa3qrfTyBuX2HD7zF9VfZzN8sIuDv3RK136osMiwsyfsmF0vlUH44euy\nTS9VeOtKL6ylxzags/lPUuSdgiNjr4u9Y+xg853qIusxEX9E8WFyNJJ3T0IDbd/E\nvukcqiu4H2Xi4kj9LfPyEevcIOV8aEk7F42TqUOc8OPbMtDRjdD78HDJLd8wMWlG\nkNFakdvoaQllRSPt0RCUGgkWRTlMF0oyW50aqCLAj6J25U43FXuSQEcMGMOE7CQp\ngmHGX0pL7eb9RTtruX//uG9Rse05wtHzkDsa3YkMNuQEt18eSwxk52q/VGLnJmU8\nZBSY4Kr8h9zoZAr7btYaXp8bZQle+KTf0RUEPg62/KcIvMLvNMOE3FX3yGmC67W8\nW0RWRu4lIUfqgVnqg8UP3sK68DfI1f18jzLQVje98/9YVAu0yHl2u9Vo4XfR6He/\n+eyNiOvg8YHtIqzFAyhZmJkhaPvI3U7c7rBkWt/LCcAJ2JDDmL+GCUvXrhdoZdrU\nalNTJWv+8tsr3JMl2HAy2vP8eDkQyDUwbLJHti+lJ3SJrI4Tl7pFhd2un35uyzLi\nGIs5ViTALPYi2VqcX2BBzENP4HUTnR2Py4Jm3xNyHtKqIepmDCdevaV9aRFm59YE\n8QPX1sFFhUIUoRkyl6d531ECAwEAAQ==\n-----END PUBLIC KEY-----\n",
            "rsa_bits": 4096
          },
          "sensitive_attributes": [
            [
              {
                "type": "get_attr",
                "value": "private_key_openssh"
              }
            ],
            [
              {
                "type": "get_attr",
                "value": "private_key_pem"
              }
            ],
            [
              {
                "type": "get_attr",
                "value": "private_key_pem_pkcs8"
              }
            ]
          ]
        }
      ]
    }
  ],
  "check_results": null
}
